// !$*UTF8*$!
{
	archiveVersion = 1;
	classes = {
	};
	objectVersion = 50;
	objects = {

/* Begin PBXBuildFile section */
		DDB329BA243BBE6600FF89B4 /* AppDelegate.swift in Sources */ = {isa = PBXBuildFile; fileRef = DDB329B9243BBE6600FF89B4 /* AppDelegate.swift */; };
		DDB329BC243BBE6600FF89B4 /* SceneDelegate.swift in Sources */ = {isa = PBXBuildFile; fileRef = DDB329BB243BBE6600FF89B4 /* SceneDelegate.swift */; };
		DDB329BE243BBE6600FF89B4 /* ViewController.swift in Sources */ = {isa = PBXBuildFile; fileRef = DDB329BD243BBE6600FF89B4 /* ViewController.swift */; };
		DDB329C1243BBE6600FF89B4 /* Main.storyboard in Resources */ = {isa = PBXBuildFile; fileRef = DDB329BF243BBE6600FF89B4 /* Main.storyboard */; };
		DDB329C3243BBE6800FF89B4 /* Assets.xcassets in Resources */ = {isa = PBXBuildFile; fileRef = DDB329C2243BBE6800FF89B4 /* Assets.xcassets */; };
		DDB329C6243BBE6800FF89B4 /* LaunchScreen.storyboard in Resources */ = {isa = PBXBuildFile; fileRef = DDB329C4243BBE6800FF89B4 /* LaunchScreen.storyboard */; };
		DDB329D4243BC13900FF89B4 /* SearchResult.swift in Sources */ = {isa = PBXBuildFile; fileRef = DDB329D3243BC13900FF89B4 /* SearchResult.swift */; };
		DDB329D6243BC36900FF89B4 /* ResultType.swift in Sources */ = {isa = PBXBuildFile; fileRef = DDB329D5243BC36900FF89B4 /* ResultType.swift */; };
		DDB329D8243BC3B100FF89B4 /* SearchResultController.swift in Sources */ = {isa = PBXBuildFile; fileRef = DDB329D7243BC3B100FF89B4 /* SearchResultController.swift */; };
		DDB329DA243BD3E400FF89B4 /* SearchResultsTableViewController.swift in Sources */ = {isa = PBXBuildFile; fileRef = DDB329D9243BD3E400FF89B4 /* SearchResultsTableViewController.swift */; };
/* End PBXBuildFile section */

/* Begin PBXFileReference section */
		DDB329B6243BBE6600FF89B4 /* iTunesSearch.app */ = {isa = PBXFileReference; explicitFileType = wrapper.application; includeInIndex = 0; path = iTunesSearch.app; sourceTree = BUILT_PRODUCTS_DIR; };
		DDB329B9243BBE6600FF89B4 /* AppDelegate.swift */ = {isa = PBXFileReference; lastKnownFileType = sourcecode.swift; path = AppDelegate.swift; sourceTree = "<group>"; };
		DDB329BB243BBE6600FF89B4 /* SceneDelegate.swift */ = {isa = PBXFileReference; lastKnownFileType = sourcecode.swift; path = SceneDelegate.swift; sourceTree = "<group>"; };
		DDB329BD243BBE6600FF89B4 /* ViewController.swift */ = {isa = PBXFileReference; lastKnownFileType = sourcecode.swift; path = ViewController.swift; sourceTree = "<group>"; };
		DDB329C0243BBE6600FF89B4 /* Base */ = {isa = PBXFileReference; lastKnownFileType = file.storyboard; name = Base; path = Base.lproj/Main.storyboard; sourceTree = "<group>"; };
		DDB329C2243BBE6800FF89B4 /* Assets.xcassets */ = {isa = PBXFileReference; lastKnownFileType = folder.assetcatalog; path = Assets.xcassets; sourceTree = "<group>"; };
		DDB329C5243BBE6800FF89B4 /* Base */ = {isa = PBXFileReference; lastKnownFileType = file.storyboard; name = Base; path = Base.lproj/LaunchScreen.storyboard; sourceTree = "<group>"; };
		DDB329C7243BBE6800FF89B4 /* Info.plist */ = {isa = PBXFileReference; lastKnownFileType = text.plist.xml; path = Info.plist; sourceTree = "<group>"; };
		DDB329D3243BC13900FF89B4 /* SearchResult.swift */ = {isa = PBXFileReference; lastKnownFileType = sourcecode.swift; path = SearchResult.swift; sourceTree = "<group>"; };
		DDB329D5243BC36900FF89B4 /* ResultType.swift */ = {isa = PBXFileReference; lastKnownFileType = sourcecode.swift; path = ResultType.swift; sourceTree = "<group>"; };
		DDB329D7243BC3B100FF89B4 /* SearchResultController.swift */ = {isa = PBXFileReference; lastKnownFileType = sourcecode.swift; path = SearchResultController.swift; sourceTree = "<group>"; };
		DDB329D9243BD3E400FF89B4 /* SearchResultsTableViewController.swift */ = {isa = PBXFileReference; lastKnownFileType = sourcecode.swift; path = SearchResultsTableViewController.swift; sourceTree = "<group>"; };
/* End PBXFileReference section */

/* Begin PBXFrameworksBuildPhase section */
		DDB329B3243BBE6600FF89B4 /* Frameworks */ = {
			isa = PBXFrameworksBuildPhase;
			buildActionMask = 2147483647;
			files = (
			);
			runOnlyForDeploymentPostprocessing = 0;
		};
/* End PBXFrameworksBuildPhase section */

/* Begin PBXGroup section */
		DDB329AD243BBE6600FF89B4 = {
			isa = PBXGroup;
			children = (
				DDB329B8243BBE6600FF89B4 /* iTunesSearch */,
				DDB329B7243BBE6600FF89B4 /* Products */,
			);
			sourceTree = "<group>";
		};
		DDB329B7243BBE6600FF89B4 /* Products */ = {
			isa = PBXGroup;
			children = (
				DDB329B6243BBE6600FF89B4 /* iTunesSearch.app */,
			);
			name = Products;
			sourceTree = "<group>";
		};
		DDB329B8243BBE6600FF89B4 /* iTunesSearch */ = {
			isa = PBXGroup;
			children = (
				DDB329D1243BBF3100FF89B4 /* StoryBoards */,
				DDB329D0243BBE8900FF89B4 /* ViewControllers */,
				DDB329CF243BBE8400FF89B4 /* Controllers */,
				DDB329CE243BBE7F00FF89B4 /* Views */,
				DDB329CD243BBE7A00FF89B4 /* Models */,
				DDB329D2243BBF5300FF89B4 /* Resources */,
				DDB329C7243BBE6800FF89B4 /* Info.plist */,
			);
			path = iTunesSearch;
			sourceTree = "<group>";
		};
		DDB329CD243BBE7A00FF89B4 /* Models */ = {
			isa = PBXGroup;
			children = (
				DDB329D3243BC13900FF89B4 /* SearchResult.swift */,
				DDB329D5243BC36900FF89B4 /* ResultType.swift */,
			);
			path = Models;
			sourceTree = "<group>";
		};
		DDB329CE243BBE7F00FF89B4 /* Views */ = {
			isa = PBXGroup;
			children = (
			);
			path = Views;
			sourceTree = "<group>";
		};
		DDB329CF243BBE8400FF89B4 /* Controllers */ = {
			isa = PBXGroup;
			children = (
				DDB329D7243BC3B100FF89B4 /* SearchResultController.swift */,
			);
			path = Controllers;
			sourceTree = "<group>";
		};
		DDB329D0243BBE8900FF89B4 /* ViewControllers */ = {
			isa = PBXGroup;
			children = (
				DDB329BD243BBE6600FF89B4 /* ViewController.swift */,
				DDB329D9243BD3E400FF89B4 /* SearchResultsTableViewController.swift */,
			);
			path = ViewControllers;
			sourceTree = "<group>";
		};
		DDB329D1243BBF3100FF89B4 /* StoryBoards */ = {
			isa = PBXGroup;
			children = (
				DDB329BF243BBE6600FF89B4 /* Main.storyboard */,
				DDB329C4243BBE6800FF89B4 /* LaunchScreen.storyboard */,
			);
			path = StoryBoards;
			sourceTree = "<group>";
		};
		DDB329D2243BBF5300FF89B4 /* Resources */ = {
			isa = PBXGroup;
			children = (
				DDB329C2243BBE6800FF89B4 /* Assets.xcassets */,
				DDB329B9243BBE6600FF89B4 /* AppDelegate.swift */,
				DDB329BB243BBE6600FF89B4 /* SceneDelegate.swift */,
			);
			path = Resources;
			sourceTree = "<group>";
		};
/* End PBXGroup section */

/* Begin PBXNativeTarget section */
		DDB329B5243BBE6600FF89B4 /* iTunesSearch */ = {
			isa = PBXNativeTarget;
			buildConfigurationList = DDB329CA243BBE6800FF89B4 /* Build configuration list for PBXNativeTarget "iTunesSearch" */;
			buildPhases = (
				DDB329B2243BBE6600FF89B4 /* Sources */,
				DDB329B3243BBE6600FF89B4 /* Frameworks */,
				DDB329B4243BBE6600FF89B4 /* Resources */,
			);
			buildRules = (
			);
			dependencies = (
			);
			name = iTunesSearch;
			productName = iTunesSearch;
			productReference = DDB329B6243BBE6600FF89B4 /* iTunesSearch.app */;
			productType = "com.apple.product-type.application";
		};
/* End PBXNativeTarget section */

/* Begin PBXProject section */
		DDB329AE243BBE6600FF89B4 /* Project object */ = {
			isa = PBXProject;
			attributes = {
				LastSwiftUpdateCheck = 1140;
				LastUpgradeCheck = 1140;
				ORGANIZATIONNAME = "Cameron Collins";
				TargetAttributes = {
					DDB329B5243BBE6600FF89B4 = {
						CreatedOnToolsVersion = 11.4;
					};
				};
			};
			buildConfigurationList = DDB329B1243BBE6600FF89B4 /* Build configuration list for PBXProject "iTunesSearch" */;
			compatibilityVersion = "Xcode 9.3";
			developmentRegion = en;
			hasScannedForEncodings = 0;
			knownRegions = (
				en,
				Base,
			);
			mainGroup = DDB329AD243BBE6600FF89B4;
			productRefGroup = DDB329B7243BBE6600FF89B4 /* Products */;
			projectDirPath = "";
			projectRoot = "";
			targets = (
				DDB329B5243BBE6600FF89B4 /* iTunesSearch */,
			);
		};
/* End PBXProject section */

/* Begin PBXResourcesBuildPhase section */
		DDB329B4243BBE6600FF89B4 /* Resources */ = {
			isa = PBXResourcesBuildPhase;
			buildActionMask = 2147483647;
			files = (
				DDB329C6243BBE6800FF89B4 /* LaunchScreen.storyboard in Resources */,
				DDB329C3243BBE6800FF89B4 /* Assets.xcassets in Resources */,
				DDB329C1243BBE6600FF89B4 /* Main.storyboard in Resources */,
			);
			runOnlyForDeploymentPostprocessing = 0;
		};
/* End PBXResourcesBuildPhase section */

/* Begin PBXSourcesBuildPhase section */
		DDB329B2243BBE6600FF89B4 /* Sources */ = {
			isa = PBXSourcesBuildPhase;
			buildActionMask = 2147483647;
			files = (
				DDB329D8243BC3B100FF89B4 /* SearchResultController.swift in Sources */,
				DDB329D6243BC36900FF89B4 /* ResultType.swift in Sources */,
				DDB329BE243BBE6600FF89B4 /* ViewController.swift in Sources */,
				DDB329BA243BBE6600FF89B4 /* AppDelegate.swift in Sources */,
				DDB329D4243BC13900FF89B4 /* SearchResult.swift in Sources */,
				DDB329DA243BD3E400FF89B4 /* SearchResultsTableViewController.swift in Sources */,
				DDB329BC243BBE6600FF89B4 /* SceneDelegate.swift in Sources */,
			);
			runOnlyForDeploymentPostprocessing = 0;
		};
/* End PBXSourcesBuildPhase section */

/* Begin PBXVariantGroup section */
		DDB329BF243BBE6600FF89B4 /* Main.storyboard */ = {
			isa = PBXVariantGroup;
			children = (
				DDB329C0243BBE6600FF89B4 /* Base */,
			);
			name = Main.storyboard;
			sourceTree = "<group>";
		};
		DDB329C4243BBE6800FF89B4 /* LaunchScreen.storyboard */ = {
			isa = PBXVariantGroup;
			children = (
				DDB329C5243BBE6800FF89B4 /* Base */,
			);
			name = LaunchScreen.storyboard;
			sourceTree = "<group>";
		};
/* End PBXVariantGroup section */

/* Begin XCBuildConfiguration section */
		DDB329C8243BBE6800FF89B4 /* Debug */ = {
			isa = XCBuildConfiguration;
			buildSettings = {
				ALWAYS_SEARCH_USER_PATHS = NO;
				CLANG_ANALYZER_NONNULL = YES;
				CLANG_ANALYZER_NUMBER_OBJECT_CONVERSION = YES_AGGRESSIVE;
				CLANG_CXX_LANGUAGE_STANDARD = "gnu++14";
				CLANG_CXX_LIBRARY = "libc++";
				CLANG_ENABLE_MODULES = YES;
				CLANG_ENABLE_OBJC_ARC = YES;
				CLANG_ENABLE_OBJC_WEAK = YES;
				CLANG_WARN_BLOCK_CAPTURE_AUTORELEASING = YES;
				CLANG_WARN_BOOL_CONVERSION = YES;
				CLANG_WARN_COMMA = YES;
				CLANG_WARN_CONSTANT_CONVERSION = YES;
				CLANG_WARN_DEPRECATED_OBJC_IMPLEMENTATIONS = YES;
				CLANG_WARN_DIRECT_OBJC_ISA_USAGE = YES_ERROR;
				CLANG_WARN_DOCUMENTATION_COMMENTS = YES;
				CLANG_WARN_EMPTY_BODY = YES;
				CLANG_WARN_ENUM_CONVERSION = YES;
				CLANG_WARN_INFINITE_RECURSION = YES;
				CLANG_WARN_INT_CONVERSION = YES;
				CLANG_WARN_NON_LITERAL_NULL_CONVERSION = YES;
				CLANG_WARN_OBJC_IMPLICIT_RETAIN_SELF = YES;
				CLANG_WARN_OBJC_LITERAL_CONVERSION = YES;
				CLANG_WARN_OBJC_ROOT_CLASS = YES_ERROR;
				CLANG_WARN_RANGE_LOOP_ANALYSIS = YES;
				CLANG_WARN_STRICT_PROTOTYPES = YES;
				CLANG_WARN_SUSPICIOUS_MOVE = YES;
				CLANG_WARN_UNGUARDED_AVAILABILITY = YES_AGGRESSIVE;
				CLANG_WARN_UNREACHABLE_CODE = YES;
				CLANG_WARN__DUPLICATE_METHOD_MATCH = YES;
				COPY_PHASE_STRIP = NO;
				DEBUG_INFORMATION_FORMAT = dwarf;
				ENABLE_STRICT_OBJC_MSGSEND = YES;
				ENABLE_TESTABILITY = YES;
				GCC_C_LANGUAGE_STANDARD = gnu11;
				GCC_DYNAMIC_NO_PIC = NO;
				GCC_NO_COMMON_BLOCKS = YES;
				GCC_OPTIMIZATION_LEVEL = 0;
				GCC_PREPROCESSOR_DEFINITIONS = (
					"DEBUG=1",
					"$(inherited)",
				);
				GCC_WARN_64_TO_32_BIT_CONVERSION = YES;
				GCC_WARN_ABOUT_RETURN_TYPE = YES_ERROR;
				GCC_WARN_UNDECLARED_SELECTOR = YES;
				GCC_WARN_UNINITIALIZED_AUTOS = YES_AGGRESSIVE;
				GCC_WARN_UNUSED_FUNCTION = YES;
				GCC_WARN_UNUSED_VARIABLE = YES;
				IPHONEOS_DEPLOYMENT_TARGET = 13.4;
				MTL_ENABLE_DEBUG_INFO = INCLUDE_SOURCE;
				MTL_FAST_MATH = YES;
				ONLY_ACTIVE_ARCH = YES;
				SDKROOT = iphoneos;
				SWIFT_ACTIVE_COMPILATION_CONDITIONS = DEBUG;
				SWIFT_OPTIMIZATION_LEVEL = "-Onone";
			};
			name = Debug;
		};
		DDB329C9243BBE6800FF89B4 /* Release */ = {
			isa = XCBuildConfiguration;
			buildSettings = {
				ALWAYS_SEARCH_USER_PATHS = NO;
				CLANG_ANALYZER_NONNULL = YES;
				CLANG_ANALYZER_NUMBER_OBJECT_CONVERSION = YES_AGGRESSIVE;
				CLANG_CXX_LANGUAGE_STANDARD = "gnu++14";
				CLANG_CXX_LIBRARY = "libc++";
				CLANG_ENABLE_MODULES = YES;
				CLANG_ENABLE_OBJC_ARC = YES;
				CLANG_ENABLE_OBJC_WEAK = YES;
				CLANG_WARN_BLOCK_CAPTURE_AUTORELEASING = YES;
				CLANG_WARN_BOOL_CONVERSION = YES;
				CLANG_WARN_COMMA = YES;
				CLANG_WARN_CONSTANT_CONVERSION = YES;
				CLANG_WARN_DEPRECATED_OBJC_IMPLEMENTATIONS = YES;
				CLANG_WARN_DIRECT_OBJC_ISA_USAGE = YES_ERROR;
				CLANG_WARN_DOCUMENTATION_COMMENTS = YES;
				CLANG_WARN_EMPTY_BODY = YES;
				CLANG_WARN_ENUM_CONVERSION = YES;
				CLANG_WARN_INFINITE_RECURSION = YES;
				CLANG_WARN_INT_CONVERSION = YES;
				CLANG_WARN_NON_LITERAL_NULL_CONVERSION = YES;
				CLANG_WARN_OBJC_IMPLICIT_RETAIN_SELF = YES;
				CLANG_WARN_OBJC_LITERAL_CONVERSION = YES;
				CLANG_WARN_OBJC_ROOT_CLASS = YES_ERROR;
				CLANG_WARN_RANGE_LOOP_ANALYSIS = YES;
				CLANG_WARN_STRICT_PROTOTYPES = YES;
				CLANG_WARN_SUSPICIOUS_MOVE = YES;
				CLANG_WARN_UNGUARDED_AVAILABILITY = YES_AGGRESSIVE;
				CLANG_WARN_UNREACHABLE_CODE = YES;
				CLANG_WARN__DUPLICATE_METHOD_MATCH = YES;
				COPY_PHASE_STRIP = NO;
				DEBUG_INFORMATION_FORMAT = "dwarf-with-dsym";
				ENABLE_NS_ASSERTIONS = NO;
				ENABLE_STRICT_OBJC_MSGSEND = YES;
				GCC_C_LANGUAGE_STANDARD = gnu11;
				GCC_NO_COMMON_BLOCKS = YES;
				GCC_WARN_64_TO_32_BIT_CONVERSION = YES;
				GCC_WARN_ABOUT_RETURN_TYPE = YES_ERROR;
				GCC_WARN_UNDECLARED_SELECTOR = YES;
				GCC_WARN_UNINITIALIZED_AUTOS = YES_AGGRESSIVE;
				GCC_WARN_UNUSED_FUNCTION = YES;
				GCC_WARN_UNUSED_VARIABLE = YES;
				IPHONEOS_DEPLOYMENT_TARGET = 13.4;
				MTL_ENABLE_DEBUG_INFO = NO;
				MTL_FAST_MATH = YES;
				SDKROOT = iphoneos;
				SWIFT_COMPILATION_MODE = wholemodule;
				SWIFT_OPTIMIZATION_LEVEL = "-O";
				VALIDATE_PRODUCT = YES;
			};
			name = Release;
		};
		DDB329CB243BBE6800FF89B4 /* Debug */ = {
			isa = XCBuildConfiguration;
			buildSettings = {
				ASSETCATALOG_COMPILER_APPICON_NAME = AppIcon;
				CODE_SIGN_STYLE = Automatic;
				INFOPLIST_FILE = iTunesSearch/Info.plist;
				LD_RUNPATH_SEARCH_PATHS = (
					"$(inherited)",
					"@executable_path/Frameworks",
				);
				PRODUCT_BUNDLE_IDENTIFIER = com.cameroncollins.iTunesSearch;
				PRODUCT_NAME = "$(TARGET_NAME)";
				SWIFT_VERSION = 5.0;
				TARGETED_DEVICE_FAMILY = "1,2";
			};
			name = Debug;
		};
		DDB329CC243BBE6800FF89B4 /* Release */ = {
			isa = XCBuildConfiguration;
			buildSettings = {
				ASSETCATALOG_COMPILER_APPICON_NAME = AppIcon;
				CODE_SIGN_STYLE = Automatic;
				INFOPLIST_FILE = iTunesSearch/Info.plist;
				LD_RUNPATH_SEARCH_PATHS = (
					"$(inherited)",
					"@executable_path/Frameworks",
				);
				PRODUCT_BUNDLE_IDENTIFIER = com.cameroncollins.iTunesSearch;
				PRODUCT_NAME = "$(TARGET_NAME)";
				SWIFT_VERSION = 5.0;
				TARGETED_DEVICE_FAMILY = "1,2";
			};
			name = Release;
		};
/* End XCBuildConfiguration section */

/* Begin XCConfigurationList section */
		DDB329B1243BBE6600FF89B4 /* Build configuration list for PBXProject "iTunesSearch" */ = {
			isa = XCConfigurationList;
			buildConfigurations = (
				DDB329C8243BBE6800FF89B4 /* Debug */,
				DDB329C9243BBE6800FF89B4 /* Release */,
			);
			defaultConfigurationIsVisible = 0;
			defaultConfigurationName = Release;
		};
		DDB329CA243BBE6800FF89B4 /* Build configuration list for PBXNativeTarget "iTunesSearch" */ = {
			isa = XCConfigurationList;
			buildConfigurations = (
				DDB329CB243BBE6800FF89B4 /* Debug */,
				DDB329CC243BBE6800FF89B4 /* Release */,
			);
			defaultConfigurationIsVisible = 0;
			defaultConfigurationName = Release;
		};
/* End XCConfigurationList section */
	};
	rootObject = DDB329AE243BBE6600FF89B4 /* Project object */;
}
