// !$*UTF8*$!
{
	archiveVersion = 1;
	classes = {
	};
	objectVersion = 50;
	objects = {

/* Begin PBXBuildFile section */
		AEBEAD3924180E6F007A95B8 /* AppDelegate.swift in Sources */ = {isa = PBXBuildFile; fileRef = AEBEAD3824180E6F007A95B8 /* AppDelegate.swift */; };
		AEBEAD3B24180E6F007A95B8 /* SceneDelegate.swift in Sources */ = {isa = PBXBuildFile; fileRef = AEBEAD3A24180E6F007A95B8 /* SceneDelegate.swift */; };
		AEBEAD4024180E6F007A95B8 /* Main.storyboard in Resources */ = {isa = PBXBuildFile; fileRef = AEBEAD3E24180E6F007A95B8 /* Main.storyboard */; };
		AEBEAD4324180E6F007A95B8 /* iTunesApp.xcdatamodeld in Sources */ = {isa = PBXBuildFile; fileRef = AEBEAD4124180E6F007A95B8 /* iTunesApp.xcdatamodeld */; };
		AEBEAD4524180E72007A95B8 /* Assets.xcassets in Resources */ = {isa = PBXBuildFile; fileRef = AEBEAD4424180E72007A95B8 /* Assets.xcassets */; };
		AEBEAD4824180E72007A95B8 /* LaunchScreen.storyboard in Resources */ = {isa = PBXBuildFile; fileRef = AEBEAD4624180E72007A95B8 /* LaunchScreen.storyboard */; };
		AEBEAD5224180F34007A95B8 /* SearchResult.swift in Sources */ = {isa = PBXBuildFile; fileRef = AEBEAD5124180F34007A95B8 /* SearchResult.swift */; };
		AEBEAD56241810F6007A95B8 /* ResultType.swift in Sources */ = {isa = PBXBuildFile; fileRef = AEBEAD55241810F6007A95B8 /* ResultType.swift */; };
		AEBEAD582418119C007A95B8 /* SearchResultController.swift in Sources */ = {isa = PBXBuildFile; fileRef = AEBEAD572418119C007A95B8 /* SearchResultController.swift */; };
		AEBEAD5A24182D79007A95B8 /* SearchResultsTableViewController.swift in Sources */ = {isa = PBXBuildFile; fileRef = AEBEAD5924182D79007A95B8 /* SearchResultsTableViewController.swift */; };
		AEBEAD5E24182F61007A95B8 /* SearchTableViewCell.swift in Sources */ = {isa = PBXBuildFile; fileRef = AEBEAD5D24182F61007A95B8 /* SearchTableViewCell.swift */; };
/* End PBXBuildFile section */

/* Begin PBXFileReference section */
		AEBEAD3524180E6F007A95B8 /* iTunesApp.app */ = {isa = PBXFileReference; explicitFileType = wrapper.application; includeInIndex = 0; path = iTunesApp.app; sourceTree = BUILT_PRODUCTS_DIR; };
		AEBEAD3824180E6F007A95B8 /* AppDelegate.swift */ = {isa = PBXFileReference; lastKnownFileType = sourcecode.swift; path = AppDelegate.swift; sourceTree = "<group>"; };
		AEBEAD3A24180E6F007A95B8 /* SceneDelegate.swift */ = {isa = PBXFileReference; lastKnownFileType = sourcecode.swift; path = SceneDelegate.swift; sourceTree = "<group>"; };
		AEBEAD3F24180E6F007A95B8 /* Base */ = {isa = PBXFileReference; lastKnownFileType = file.storyboard; name = Base; path = Base.lproj/Main.storyboard; sourceTree = "<group>"; };
		AEBEAD4224180E6F007A95B8 /* iTunesApp.xcdatamodel */ = {isa = PBXFileReference; lastKnownFileType = wrapper.xcdatamodel; path = iTunesApp.xcdatamodel; sourceTree = "<group>"; };
		AEBEAD4424180E72007A95B8 /* Assets.xcassets */ = {isa = PBXFileReference; lastKnownFileType = folder.assetcatalog; path = Assets.xcassets; sourceTree = "<group>"; };
		AEBEAD4724180E72007A95B8 /* Base */ = {isa = PBXFileReference; lastKnownFileType = file.storyboard; name = Base; path = Base.lproj/LaunchScreen.storyboard; sourceTree = "<group>"; };
		AEBEAD4924180E72007A95B8 /* Info.plist */ = {isa = PBXFileReference; lastKnownFileType = text.plist.xml; path = Info.plist; sourceTree = "<group>"; };
		AEBEAD5124180F34007A95B8 /* SearchResult.swift */ = {isa = PBXFileReference; lastKnownFileType = sourcecode.swift; path = SearchResult.swift; sourceTree = "<group>"; };
		AEBEAD55241810F6007A95B8 /* ResultType.swift */ = {isa = PBXFileReference; lastKnownFileType = sourcecode.swift; path = ResultType.swift; sourceTree = "<group>"; };
		AEBEAD572418119C007A95B8 /* SearchResultController.swift */ = {isa = PBXFileReference; lastKnownFileType = sourcecode.swift; path = SearchResultController.swift; sourceTree = "<group>"; };
		AEBEAD5924182D79007A95B8 /* SearchResultsTableViewController.swift */ = {isa = PBXFileReference; lastKnownFileType = sourcecode.swift; path = SearchResultsTableViewController.swift; sourceTree = "<group>"; };
		AEBEAD5D24182F61007A95B8 /* SearchTableViewCell.swift */ = {isa = PBXFileReference; lastKnownFileType = sourcecode.swift; path = SearchTableViewCell.swift; sourceTree = "<group>"; };
/* End PBXFileReference section */

/* Begin PBXFrameworksBuildPhase section */
		AEBEAD3224180E6F007A95B8 /* Frameworks */ = {
			isa = PBXFrameworksBuildPhase;
			buildActionMask = 2147483647;
			files = (
			);
			runOnlyForDeploymentPostprocessing = 0;
		};
/* End PBXFrameworksBuildPhase section */

/* Begin PBXGroup section */
		AEBEAD2C24180E6F007A95B8 = {
			isa = PBXGroup;
			children = (
				AEBEAD3724180E6F007A95B8 /* iTunesApp */,
				AEBEAD3624180E6F007A95B8 /* Products */,
			);
			sourceTree = "<group>";
		};
		AEBEAD3624180E6F007A95B8 /* Products */ = {
			isa = PBXGroup;
			children = (
				AEBEAD3524180E6F007A95B8 /* iTunesApp.app */,
			);
			name = Products;
			sourceTree = "<group>";
		};
		AEBEAD3724180E6F007A95B8 /* iTunesApp */ = {
			isa = PBXGroup;
			children = (
				AEBEAD5924182D79007A95B8 /* SearchResultsTableViewController.swift */,
				AEBEAD55241810F6007A95B8 /* ResultType.swift */,
				AEBEAD5D24182F61007A95B8 /* SearchTableViewCell.swift */,
				AEBEAD572418119C007A95B8 /* SearchResultController.swift */,
				AEBEAD5124180F34007A95B8 /* SearchResult.swift */,
				AEBEAD5024180EB4007A95B8 /* Resource */,
				AEBEAD4F24180E97007A95B8 /* SB  */,
				AEBEAD4924180E72007A95B8 /* Info.plist */,
			);
			path = iTunesApp;
			sourceTree = "<group>";
		};
		AEBEAD4F24180E97007A95B8 /* SB  */ = {
			isa = PBXGroup;
			children = (
				AEBEAD3E24180E6F007A95B8 /* Main.storyboard */,
				AEBEAD4424180E72007A95B8 /* Assets.xcassets */,
				AEBEAD4124180E6F007A95B8 /* iTunesApp.xcdatamodeld */,
				AEBEAD4624180E72007A95B8 /* LaunchScreen.storyboard */,
			);
			path = "SB ";
			sourceTree = "<group>";
		};
		AEBEAD5024180EB4007A95B8 /* Resource */ = {
			isa = PBXGroup;
			children = (
				AEBEAD3824180E6F007A95B8 /* AppDelegate.swift */,
				AEBEAD3A24180E6F007A95B8 /* SceneDelegate.swift */,
			);
			path = Resource;
			sourceTree = "<group>";
		};
/* End PBXGroup section */

/* Begin PBXNativeTarget section */
		AEBEAD3424180E6F007A95B8 /* iTunesApp */ = {
			isa = PBXNativeTarget;
			buildConfigurationList = AEBEAD4C24180E72007A95B8 /* Build configuration list for PBXNativeTarget "iTunesApp" */;
			buildPhases = (
				AEBEAD3124180E6F007A95B8 /* Sources */,
				AEBEAD3224180E6F007A95B8 /* Frameworks */,
				AEBEAD3324180E6F007A95B8 /* Resources */,
			);
			buildRules = (
			);
			dependencies = (
			);
			name = iTunesApp;
			productName = iTunesApp;
			productReference = AEBEAD3524180E6F007A95B8 /* iTunesApp.app */;
			productType = "com.apple.product-type.application";
		};
/* End PBXNativeTarget section */

/* Begin PBXProject section */
		AEBEAD2D24180E6F007A95B8 /* Project object */ = {
			isa = PBXProject;
			attributes = {
				LastSwiftUpdateCheck = 1130;
				LastUpgradeCheck = 1130;
				ORGANIZATIONNAME = "Lydia Zhang";
				TargetAttributes = {
					AEBEAD3424180E6F007A95B8 = {
						CreatedOnToolsVersion = 11.3.1;
					};
				};
			};
			buildConfigurationList = AEBEAD3024180E6F007A95B8 /* Build configuration list for PBXProject "iTunesApp" */;
			compatibilityVersion = "Xcode 9.3";
			developmentRegion = en;
			hasScannedForEncodings = 0;
			knownRegions = (
				en,
				Base,
			);
			mainGroup = AEBEAD2C24180E6F007A95B8;
			productRefGroup = AEBEAD3624180E6F007A95B8 /* Products */;
			projectDirPath = "";
			projectRoot = "";
			targets = (
				AEBEAD3424180E6F007A95B8 /* iTunesApp */,
			);
		};
/* End PBXProject section */

/* Begin PBXResourcesBuildPhase section */
		AEBEAD3324180E6F007A95B8 /* Resources */ = {
			isa = PBXResourcesBuildPhase;
			buildActionMask = 2147483647;
			files = (
				AEBEAD4824180E72007A95B8 /* LaunchScreen.storyboard in Resources */,
				AEBEAD4524180E72007A95B8 /* Assets.xcassets in Resources */,
				AEBEAD4024180E6F007A95B8 /* Main.storyboard in Resources */,
			);
			runOnlyForDeploymentPostprocessing = 0;
		};
/* End PBXResourcesBuildPhase section */

/* Begin PBXSourcesBuildPhase section */
		AEBEAD3124180E6F007A95B8 /* Sources */ = {
			isa = PBXSourcesBuildPhase;
			buildActionMask = 2147483647;
			files = (
				AEBEAD582418119C007A95B8 /* SearchResultController.swift in Sources */,
				AEBEAD56241810F6007A95B8 /* ResultType.swift in Sources */,
				AEBEAD3924180E6F007A95B8 /* AppDelegate.swift in Sources */,
				AEBEAD3B24180E6F007A95B8 /* SceneDelegate.swift in Sources */,
				AEBEAD5224180F34007A95B8 /* SearchResult.swift in Sources */,
				AEBEAD5E24182F61007A95B8 /* SearchTableViewCell.swift in Sources */,
				AEBEAD5A24182D79007A95B8 /* SearchResultsTableViewController.swift in Sources */,
				AEBEAD4324180E6F007A95B8 /* iTunesApp.xcdatamodeld in Sources */,
			);
			runOnlyForDeploymentPostprocessing = 0;
		};
/* End PBXSourcesBuildPhase section */

/* Begin PBXVariantGroup section */
		AEBEAD3E24180E6F007A95B8 /* Main.storyboard */ = {
			isa = PBXVariantGroup;
			children = (
				AEBEAD3F24180E6F007A95B8 /* Base */,
			);
			name = Main.storyboard;
			sourceTree = "<group>";
		};
		AEBEAD4624180E72007A95B8 /* LaunchScreen.storyboard */ = {
			isa = PBXVariantGroup;
			children = (
				AEBEAD4724180E72007A95B8 /* Base */,
			);
			name = LaunchScreen.storyboard;
			sourceTree = "<group>";
		};
/* End PBXVariantGroup section */

/* Begin XCBuildConfiguration section */
		AEBEAD4A24180E72007A95B8 /* Debug */ = {
			isa = XCBuildConfiguration;
			buildSettings = {
				ALWAYS_SEARCH_USER_PATHS = NO;
				CLANG_ANALYZER_NONNULL = YES;
				CLANG_ANALYZER_NUMBER_OBJECT_CONVERSION = YES_AGGRESSIVE;
				CLANG_CXX_LANGUAGE_STANDARD = "gnu++14";
				CLANG_CXX_LIBRARY = "libc++";
				CLANG_ENABLE_MODULES = YES;
				CLANG_ENABLE_OBJC_ARC = YES;
				CLANG_ENABLE_OBJC_WEAK = YES;
				CLANG_WARN_BLOCK_CAPTURE_AUTORELEASING = YES;
				CLANG_WARN_BOOL_CONVERSION = YES;
				CLANG_WARN_COMMA = YES;
				CLANG_WARN_CONSTANT_CONVERSION = YES;
				CLANG_WARN_DEPRECATED_OBJC_IMPLEMENTATIONS = YES;
				CLANG_WARN_DIRECT_OBJC_ISA_USAGE = YES_ERROR;
				CLANG_WARN_DOCUMENTATION_COMMENTS = YES;
				CLANG_WARN_EMPTY_BODY = YES;
				CLANG_WARN_ENUM_CONVERSION = YES;
				CLANG_WARN_INFINITE_RECURSION = YES;
				CLANG_WARN_INT_CONVERSION = YES;
				CLANG_WARN_NON_LITERAL_NULL_CONVERSION = YES;
				CLANG_WARN_OBJC_IMPLICIT_RETAIN_SELF = YES;
				CLANG_WARN_OBJC_LITERAL_CONVERSION = YES;
				CLANG_WARN_OBJC_ROOT_CLASS = YES_ERROR;
				CLANG_WARN_RANGE_LOOP_ANALYSIS = YES;
				CLANG_WARN_STRICT_PROTOTYPES = YES;
				CLANG_WARN_SUSPICIOUS_MOVE = YES;
				CLANG_WARN_UNGUARDED_AVAILABILITY = YES_AGGRESSIVE;
				CLANG_WARN_UNREACHABLE_CODE = YES;
				CLANG_WARN__DUPLICATE_METHOD_MATCH = YES;
				COPY_PHASE_STRIP = NO;
				DEBUG_INFORMATION_FORMAT = dwarf;
				ENABLE_STRICT_OBJC_MSGSEND = YES;
				ENABLE_TESTABILITY = YES;
				GCC_C_LANGUAGE_STANDARD = gnu11;
				GCC_DYNAMIC_NO_PIC = NO;
				GCC_NO_COMMON_BLOCKS = YES;
				GCC_OPTIMIZATION_LEVEL = 0;
				GCC_PREPROCESSOR_DEFINITIONS = (
					"DEBUG=1",
					"$(inherited)",
				);
				GCC_WARN_64_TO_32_BIT_CONVERSION = YES;
				GCC_WARN_ABOUT_RETURN_TYPE = YES_ERROR;
				GCC_WARN_UNDECLARED_SELECTOR = YES;
				GCC_WARN_UNINITIALIZED_AUTOS = YES_AGGRESSIVE;
				GCC_WARN_UNUSED_FUNCTION = YES;
				GCC_WARN_UNUSED_VARIABLE = YES;
				IPHONEOS_DEPLOYMENT_TARGET = 13.2;
				MTL_ENABLE_DEBUG_INFO = INCLUDE_SOURCE;
				MTL_FAST_MATH = YES;
				ONLY_ACTIVE_ARCH = YES;
				SDKROOT = iphoneos;
				SWIFT_ACTIVE_COMPILATION_CONDITIONS = DEBUG;
				SWIFT_OPTIMIZATION_LEVEL = "-Onone";
			};
			name = Debug;
		};
		AEBEAD4B24180E72007A95B8 /* Release */ = {
			isa = XCBuildConfiguration;
			buildSettings = {
				ALWAYS_SEARCH_USER_PATHS = NO;
				CLANG_ANALYZER_NONNULL = YES;
				CLANG_ANALYZER_NUMBER_OBJECT_CONVERSION = YES_AGGRESSIVE;
				CLANG_CXX_LANGUAGE_STANDARD = "gnu++14";
				CLANG_CXX_LIBRARY = "libc++";
				CLANG_ENABLE_MODULES = YES;
				CLANG_ENABLE_OBJC_ARC = YES;
				CLANG_ENABLE_OBJC_WEAK = YES;
				CLANG_WARN_BLOCK_CAPTURE_AUTORELEASING = YES;
				CLANG_WARN_BOOL_CONVERSION = YES;
				CLANG_WARN_COMMA = YES;
				CLANG_WARN_CONSTANT_CONVERSION = YES;
				CLANG_WARN_DEPRECATED_OBJC_IMPLEMENTATIONS = YES;
				CLANG_WARN_DIRECT_OBJC_ISA_USAGE = YES_ERROR;
				CLANG_WARN_DOCUMENTATION_COMMENTS = YES;
				CLANG_WARN_EMPTY_BODY = YES;
				CLANG_WARN_ENUM_CONVERSION = YES;
				CLANG_WARN_INFINITE_RECURSION = YES;
				CLANG_WARN_INT_CONVERSION = YES;
				CLANG_WARN_NON_LITERAL_NULL_CONVERSION = YES;
				CLANG_WARN_OBJC_IMPLICIT_RETAIN_SELF = YES;
				CLANG_WARN_OBJC_LITERAL_CONVERSION = YES;
				CLANG_WARN_OBJC_ROOT_CLASS = YES_ERROR;
				CLANG_WARN_RANGE_LOOP_ANALYSIS = YES;
				CLANG_WARN_STRICT_PROTOTYPES = YES;
				CLANG_WARN_SUSPICIOUS_MOVE = YES;
				CLANG_WARN_UNGUARDED_AVAILABILITY = YES_AGGRESSIVE;
				CLANG_WARN_UNREACHABLE_CODE = YES;
				CLANG_WARN__DUPLICATE_METHOD_MATCH = YES;
				COPY_PHASE_STRIP = NO;
				DEBUG_INFORMATION_FORMAT = "dwarf-with-dsym";
				ENABLE_NS_ASSERTIONS = NO;
				ENABLE_STRICT_OBJC_MSGSEND = YES;
				GCC_C_LANGUAGE_STANDARD = gnu11;
				GCC_NO_COMMON_BLOCKS = YES;
				GCC_WARN_64_TO_32_BIT_CONVERSION = YES;
				GCC_WARN_ABOUT_RETURN_TYPE = YES_ERROR;
				GCC_WARN_UNDECLARED_SELECTOR = YES;
				GCC_WARN_UNINITIALIZED_AUTOS = YES_AGGRESSIVE;
				GCC_WARN_UNUSED_FUNCTION = YES;
				GCC_WARN_UNUSED_VARIABLE = YES;
				IPHONEOS_DEPLOYMENT_TARGET = 13.2;
				MTL_ENABLE_DEBUG_INFO = NO;
				MTL_FAST_MATH = YES;
				SDKROOT = iphoneos;
				SWIFT_COMPILATION_MODE = wholemodule;
				SWIFT_OPTIMIZATION_LEVEL = "-O";
				VALIDATE_PRODUCT = YES;
			};
			name = Release;
		};
		AEBEAD4D24180E72007A95B8 /* Debug */ = {
			isa = XCBuildConfiguration;
			buildSettings = {
				ASSETCATALOG_COMPILER_APPICON_NAME = AppIcon;
				CODE_SIGN_STYLE = Automatic;
				INFOPLIST_FILE = iTunesApp/Info.plist;
				LD_RUNPATH_SEARCH_PATHS = (
					"$(inherited)",
					"@executable_path/Frameworks",
				);
				PRODUCT_BUNDLE_IDENTIFIER = com.lydia.iTunesApp;
				PRODUCT_NAME = "$(TARGET_NAME)";
				SWIFT_VERSION = 5.0;
				TARGETED_DEVICE_FAMILY = "1,2";
			};
			name = Debug;
		};
		AEBEAD4E24180E72007A95B8 /* Release */ = {
			isa = XCBuildConfiguration;
			buildSettings = {
				ASSETCATALOG_COMPILER_APPICON_NAME = AppIcon;
				CODE_SIGN_STYLE = Automatic;
				INFOPLIST_FILE = iTunesApp/Info.plist;
				LD_RUNPATH_SEARCH_PATHS = (
					"$(inherited)",
					"@executable_path/Frameworks",
				);
				PRODUCT_BUNDLE_IDENTIFIER = com.lydia.iTunesApp;
				PRODUCT_NAME = "$(TARGET_NAME)";
				SWIFT_VERSION = 5.0;
				TARGETED_DEVICE_FAMILY = "1,2";
			};
			name = Release;
		};
/* End XCBuildConfiguration section */

/* Begin XCConfigurationList section */
		AEBEAD3024180E6F007A95B8 /* Build configuration list for PBXProject "iTunesApp" */ = {
			isa = XCConfigurationList;
			buildConfigurations = (
				AEBEAD4A24180E72007A95B8 /* Debug */,
				AEBEAD4B24180E72007A95B8 /* Release */,
			);
			defaultConfigurationIsVisible = 0;
			defaultConfigurationName = Release;
		};
		AEBEAD4C24180E72007A95B8 /* Build configuration list for PBXNativeTarget "iTunesApp" */ = {
			isa = XCConfigurationList;
			buildConfigurations = (
				AEBEAD4D24180E72007A95B8 /* Debug */,
				AEBEAD4E24180E72007A95B8 /* Release */,
			);
			defaultConfigurationIsVisible = 0;
			defaultConfigurationName = Release;
		};
/* End XCConfigurationList section */

/* Begin XCVersionGroup section */
		AEBEAD4124180E6F007A95B8 /* iTunesApp.xcdatamodeld */ = {
			isa = XCVersionGroup;
			children = (
				AEBEAD4224180E6F007A95B8 /* iTunesApp.xcdatamodel */,
			);
			currentVersion = AEBEAD4224180E6F007A95B8 /* iTunesApp.xcdatamodel */;
			path = iTunesApp.xcdatamodeld;
			sourceTree = "<group>";
			versionGroupType = wrapper.xcdatamodel;
		};
/* End XCVersionGroup section */
	};
	rootObject = AEBEAD2D24180E6F007A95B8 /* Project object */;
}
