// !$*UTF8*$!
{
	archiveVersion = 1;
	classes = {
	};
	objectVersion = 50;
	objects = {

/* Begin PBXBuildFile section */
		843627EA21C057EF0080CCA8 /* AppDelegate.swift in Sources */ = {isa = PBXBuildFile; fileRef = 843627E921C057EF0080CCA8 /* AppDelegate.swift */; };
		843627EF21C057EF0080CCA8 /* Main.storyboard in Resources */ = {isa = PBXBuildFile; fileRef = 843627ED21C057EF0080CCA8 /* Main.storyboard */; };
		843627F121C057F00080CCA8 /* Assets.xcassets in Resources */ = {isa = PBXBuildFile; fileRef = 843627F021C057F00080CCA8 /* Assets.xcassets */; };
		843627F421C057F00080CCA8 /* LaunchScreen.storyboard in Resources */ = {isa = PBXBuildFile; fileRef = 843627F221C057F00080CCA8 /* LaunchScreen.storyboard */; };
		843627FC21C05C010080CCA8 /* SearchResult.swift in Sources */ = {isa = PBXBuildFile; fileRef = 843627FB21C05C010080CCA8 /* SearchResult.swift */; };
		843627FE21C061FB0080CCA8 /* ResultType.swift in Sources */ = {isa = PBXBuildFile; fileRef = 843627FD21C061FB0080CCA8 /* ResultType.swift */; };
		8436280021C064440080CCA8 /* SearchResultController.swift in Sources */ = {isa = PBXBuildFile; fileRef = 843627FF21C064440080CCA8 /* SearchResultController.swift */; };
		8455D18B21C07F2B00F14A6F /* SearchResultsTableViewController.swift in Sources */ = {isa = PBXBuildFile; fileRef = 8455D18A21C07F2B00F14A6F /* SearchResultsTableViewController.swift */; };
/* End PBXBuildFile section */

/* Begin PBXFileReference section */
		843627E621C057EF0080CCA8 /* 11.11 iTunes api.app */ = {isa = PBXFileReference; explicitFileType = wrapper.application; includeInIndex = 0; path = "11.11 iTunes api.app"; sourceTree = BUILT_PRODUCTS_DIR; };
		843627E921C057EF0080CCA8 /* AppDelegate.swift */ = {isa = PBXFileReference; lastKnownFileType = sourcecode.swift; path = AppDelegate.swift; sourceTree = "<group>"; };
		843627EE21C057EF0080CCA8 /* Base */ = {isa = PBXFileReference; lastKnownFileType = file.storyboard; name = Base; path = Base.lproj/Main.storyboard; sourceTree = "<group>"; };
		843627F021C057F00080CCA8 /* Assets.xcassets */ = {isa = PBXFileReference; lastKnownFileType = folder.assetcatalog; path = Assets.xcassets; sourceTree = "<group>"; };
		843627F321C057F00080CCA8 /* Base */ = {isa = PBXFileReference; lastKnownFileType = file.storyboard; name = Base; path = Base.lproj/LaunchScreen.storyboard; sourceTree = "<group>"; };
		843627F521C057F00080CCA8 /* Info.plist */ = {isa = PBXFileReference; lastKnownFileType = text.plist.xml; path = Info.plist; sourceTree = "<group>"; };
		843627FB21C05C010080CCA8 /* SearchResult.swift */ = {isa = PBXFileReference; lastKnownFileType = sourcecode.swift; path = SearchResult.swift; sourceTree = "<group>"; };
		843627FD21C061FB0080CCA8 /* ResultType.swift */ = {isa = PBXFileReference; lastKnownFileType = sourcecode.swift; path = ResultType.swift; sourceTree = "<group>"; };
		843627FF21C064440080CCA8 /* SearchResultController.swift */ = {isa = PBXFileReference; lastKnownFileType = sourcecode.swift; path = SearchResultController.swift; sourceTree = "<group>"; };
		8455D18A21C07F2B00F14A6F /* SearchResultsTableViewController.swift */ = {isa = PBXFileReference; lastKnownFileType = sourcecode.swift; path = SearchResultsTableViewController.swift; sourceTree = "<group>"; };
/* End PBXFileReference section */

/* Begin PBXFrameworksBuildPhase section */
		843627E321C057EF0080CCA8 /* Frameworks */ = {
			isa = PBXFrameworksBuildPhase;
			buildActionMask = 2147483647;
			files = (
			);
			runOnlyForDeploymentPostprocessing = 0;
		};
/* End PBXFrameworksBuildPhase section */

/* Begin PBXGroup section */
		843627DD21C057EF0080CCA8 = {
			isa = PBXGroup;
			children = (
				843627E821C057EF0080CCA8 /* 11.11 iTunes api */,
				843627E721C057EF0080CCA8 /* Products */,
			);
			sourceTree = "<group>";
		};
		843627E721C057EF0080CCA8 /* Products */ = {
			isa = PBXGroup;
			children = (
				843627E621C057EF0080CCA8 /* 11.11 iTunes api.app */,
			);
			name = Products;
			sourceTree = "<group>";
		};
		843627E821C057EF0080CCA8 /* 11.11 iTunes api */ = {
			isa = PBXGroup;
			children = (
				843627E921C057EF0080CCA8 /* AppDelegate.swift */,
				843627FB21C05C010080CCA8 /* SearchResult.swift */,
				843627FD21C061FB0080CCA8 /* ResultType.swift */,
				843627FF21C064440080CCA8 /* SearchResultController.swift */,
				843627ED21C057EF0080CCA8 /* Main.storyboard */,
				8455D18A21C07F2B00F14A6F /* SearchResultsTableViewController.swift */,
				843627F021C057F00080CCA8 /* Assets.xcassets */,
				843627F221C057F00080CCA8 /* LaunchScreen.storyboard */,
				843627F521C057F00080CCA8 /* Info.plist */,
			);
			path = "11.11 iTunes api";
			sourceTree = "<group>";
		};
/* End PBXGroup section */

/* Begin PBXNativeTarget section */
		843627E521C057EF0080CCA8 /* 11.11 iTunes api */ = {
			isa = PBXNativeTarget;
			buildConfigurationList = 843627F821C057F00080CCA8 /* Build configuration list for PBXNativeTarget "11.11 iTunes api" */;
			buildPhases = (
				843627E221C057EF0080CCA8 /* Sources */,
				843627E321C057EF0080CCA8 /* Frameworks */,
				843627E421C057EF0080CCA8 /* Resources */,
			);
			buildRules = (
			);
			dependencies = (
			);
			name = "11.11 iTunes api";
			productName = "11.11 iTunes api";
			productReference = 843627E621C057EF0080CCA8 /* 11.11 iTunes api.app */;
			productType = "com.apple.product-type.application";
		};
/* End PBXNativeTarget section */

/* Begin PBXProject section */
		843627DE21C057EF0080CCA8 /* Project object */ = {
			isa = PBXProject;
			attributes = {
				LastSwiftUpdateCheck = 1010;
				LastUpgradeCheck = 1010;
				ORGANIZATIONNAME = Lambda_School_Loaner_18;
				TargetAttributes = {
					843627E521C057EF0080CCA8 = {
						CreatedOnToolsVersion = 10.1;
					};
				};
			};
			buildConfigurationList = 843627E121C057EF0080CCA8 /* Build configuration list for PBXProject "11.11 iTunes api" */;
			compatibilityVersion = "Xcode 9.3";
			developmentRegion = en;
			hasScannedForEncodings = 0;
			knownRegions = (
				en,
				Base,
			);
			mainGroup = 843627DD21C057EF0080CCA8;
			productRefGroup = 843627E721C057EF0080CCA8 /* Products */;
			projectDirPath = "";
			projectRoot = "";
			targets = (
				843627E521C057EF0080CCA8 /* 11.11 iTunes api */,
			);
		};
/* End PBXProject section */

/* Begin PBXResourcesBuildPhase section */
		843627E421C057EF0080CCA8 /* Resources */ = {
			isa = PBXResourcesBuildPhase;
			buildActionMask = 2147483647;
			files = (
				843627F421C057F00080CCA8 /* LaunchScreen.storyboard in Resources */,
				843627F121C057F00080CCA8 /* Assets.xcassets in Resources */,
				843627EF21C057EF0080CCA8 /* Main.storyboard in Resources */,
			);
			runOnlyForDeploymentPostprocessing = 0;
		};
/* End PBXResourcesBuildPhase section */

/* Begin PBXSourcesBuildPhase section */
		843627E221C057EF0080CCA8 /* Sources */ = {
			isa = PBXSourcesBuildPhase;
			buildActionMask = 2147483647;
			files = (
				843627FE21C061FB0080CCA8 /* ResultType.swift in Sources */,
				843627FC21C05C010080CCA8 /* SearchResult.swift in Sources */,
				8455D18B21C07F2B00F14A6F /* SearchResultsTableViewController.swift in Sources */,
				843627EA21C057EF0080CCA8 /* AppDelegate.swift in Sources */,
				8436280021C064440080CCA8 /* SearchResultController.swift in Sources */,
			);
			runOnlyForDeploymentPostprocessing = 0;
		};
/* End PBXSourcesBuildPhase section */

/* Begin PBXVariantGroup section */
		843627ED21C057EF0080CCA8 /* Main.storyboard */ = {
			isa = PBXVariantGroup;
			children = (
				843627EE21C057EF0080CCA8 /* Base */,
			);
			name = Main.storyboard;
			sourceTree = "<group>";
		};
		843627F221C057F00080CCA8 /* LaunchScreen.storyboard */ = {
			isa = PBXVariantGroup;
			children = (
				843627F321C057F00080CCA8 /* Base */,
			);
			name = LaunchScreen.storyboard;
			sourceTree = "<group>";
		};
/* End PBXVariantGroup section */

/* Begin XCBuildConfiguration section */
		843627F621C057F00080CCA8 /* Debug */ = {
			isa = XCBuildConfiguration;
			buildSettings = {
				ALWAYS_SEARCH_USER_PATHS = NO;
				CLANG_ANALYZER_NONNULL = YES;
				CLANG_ANALYZER_NUMBER_OBJECT_CONVERSION = YES_AGGRESSIVE;
				CLANG_CXX_LANGUAGE_STANDARD = "gnu++14";
				CLANG_CXX_LIBRARY = "libc++";
				CLANG_ENABLE_MODULES = YES;
				CLANG_ENABLE_OBJC_ARC = YES;
				CLANG_ENABLE_OBJC_WEAK = YES;
				CLANG_WARN_BLOCK_CAPTURE_AUTORELEASING = YES;
				CLANG_WARN_BOOL_CONVERSION = YES;
				CLANG_WARN_COMMA = YES;
				CLANG_WARN_CONSTANT_CONVERSION = YES;
				CLANG_WARN_DEPRECATED_OBJC_IMPLEMENTATIONS = YES;
				CLANG_WARN_DIRECT_OBJC_ISA_USAGE = YES_ERROR;
				CLANG_WARN_DOCUMENTATION_COMMENTS = YES;
				CLANG_WARN_EMPTY_BODY = YES;
				CLANG_WARN_ENUM_CONVERSION = YES;
				CLANG_WARN_INFINITE_RECURSION = YES;
				CLANG_WARN_INT_CONVERSION = YES;
				CLANG_WARN_NON_LITERAL_NULL_CONVERSION = YES;
				CLANG_WARN_OBJC_IMPLICIT_RETAIN_SELF = YES;
				CLANG_WARN_OBJC_LITERAL_CONVERSION = YES;
				CLANG_WARN_OBJC_ROOT_CLASS = YES_ERROR;
				CLANG_WARN_RANGE_LOOP_ANALYSIS = YES;
				CLANG_WARN_STRICT_PROTOTYPES = YES;
				CLANG_WARN_SUSPICIOUS_MOVE = YES;
				CLANG_WARN_UNGUARDED_AVAILABILITY = YES_AGGRESSIVE;
				CLANG_WARN_UNREACHABLE_CODE = YES;
				CLANG_WARN__DUPLICATE_METHOD_MATCH = YES;
				CODE_SIGN_IDENTITY = "iPhone Developer";
				COPY_PHASE_STRIP = NO;
				DEBUG_INFORMATION_FORMAT = dwarf;
				ENABLE_STRICT_OBJC_MSGSEND = YES;
				ENABLE_TESTABILITY = YES;
				GCC_C_LANGUAGE_STANDARD = gnu11;
				GCC_DYNAMIC_NO_PIC = NO;
				GCC_NO_COMMON_BLOCKS = YES;
				GCC_OPTIMIZATION_LEVEL = 0;
				GCC_PREPROCESSOR_DEFINITIONS = (
					"DEBUG=1",
					"$(inherited)",
				);
				GCC_WARN_64_TO_32_BIT_CONVERSION = YES;
				GCC_WARN_ABOUT_RETURN_TYPE = YES_ERROR;
				GCC_WARN_UNDECLARED_SELECTOR = YES;
				GCC_WARN_UNINITIALIZED_AUTOS = YES_AGGRESSIVE;
				GCC_WARN_UNUSED_FUNCTION = YES;
				GCC_WARN_UNUSED_VARIABLE = YES;
				IPHONEOS_DEPLOYMENT_TARGET = 12.1;
				MTL_ENABLE_DEBUG_INFO = INCLUDE_SOURCE;
				MTL_FAST_MATH = YES;
				ONLY_ACTIVE_ARCH = YES;
				SDKROOT = iphoneos;
				SWIFT_ACTIVE_COMPILATION_CONDITIONS = DEBUG;
				SWIFT_OPTIMIZATION_LEVEL = "-Onone";
			};
			name = Debug;
		};
		843627F721C057F00080CCA8 /* Release */ = {
			isa = XCBuildConfiguration;
			buildSettings = {
				ALWAYS_SEARCH_USER_PATHS = NO;
				CLANG_ANALYZER_NONNULL = YES;
				CLANG_ANALYZER_NUMBER_OBJECT_CONVERSION = YES_AGGRESSIVE;
				CLANG_CXX_LANGUAGE_STANDARD = "gnu++14";
				CLANG_CXX_LIBRARY = "libc++";
				CLANG_ENABLE_MODULES = YES;
				CLANG_ENABLE_OBJC_ARC = YES;
				CLANG_ENABLE_OBJC_WEAK = YES;
				CLANG_WARN_BLOCK_CAPTURE_AUTORELEASING = YES;
				CLANG_WARN_BOOL_CONVERSION = YES;
				CLANG_WARN_COMMA = YES;
				CLANG_WARN_CONSTANT_CONVERSION = YES;
				CLANG_WARN_DEPRECATED_OBJC_IMPLEMENTATIONS = YES;
				CLANG_WARN_DIRECT_OBJC_ISA_USAGE = YES_ERROR;
				CLANG_WARN_DOCUMENTATION_COMMENTS = YES;
				CLANG_WARN_EMPTY_BODY = YES;
				CLANG_WARN_ENUM_CONVERSION = YES;
				CLANG_WARN_INFINITE_RECURSION = YES;
				CLANG_WARN_INT_CONVERSION = YES;
				CLANG_WARN_NON_LITERAL_NULL_CONVERSION = YES;
				CLANG_WARN_OBJC_IMPLICIT_RETAIN_SELF = YES;
				CLANG_WARN_OBJC_LITERAL_CONVERSION = YES;
				CLANG_WARN_OBJC_ROOT_CLASS = YES_ERROR;
				CLANG_WARN_RANGE_LOOP_ANALYSIS = YES;
				CLANG_WARN_STRICT_PROTOTYPES = YES;
				CLANG_WARN_SUSPICIOUS_MOVE = YES;
				CLANG_WARN_UNGUARDED_AVAILABILITY = YES_AGGRESSIVE;
				CLANG_WARN_UNREACHABLE_CODE = YES;
				CLANG_WARN__DUPLICATE_METHOD_MATCH = YES;
				CODE_SIGN_IDENTITY = "iPhone Developer";
				COPY_PHASE_STRIP = NO;
				DEBUG_INFORMATION_FORMAT = "dwarf-with-dsym";
				ENABLE_NS_ASSERTIONS = NO;
				ENABLE_STRICT_OBJC_MSGSEND = YES;
				GCC_C_LANGUAGE_STANDARD = gnu11;
				GCC_NO_COMMON_BLOCKS = YES;
				GCC_WARN_64_TO_32_BIT_CONVERSION = YES;
				GCC_WARN_ABOUT_RETURN_TYPE = YES_ERROR;
				GCC_WARN_UNDECLARED_SELECTOR = YES;
				GCC_WARN_UNINITIALIZED_AUTOS = YES_AGGRESSIVE;
				GCC_WARN_UNUSED_FUNCTION = YES;
				GCC_WARN_UNUSED_VARIABLE = YES;
				IPHONEOS_DEPLOYMENT_TARGET = 12.1;
				MTL_ENABLE_DEBUG_INFO = NO;
				MTL_FAST_MATH = YES;
				SDKROOT = iphoneos;
				SWIFT_COMPILATION_MODE = wholemodule;
				SWIFT_OPTIMIZATION_LEVEL = "-O";
				VALIDATE_PRODUCT = YES;
			};
			name = Release;
		};
		843627F921C057F00080CCA8 /* Debug */ = {
			isa = XCBuildConfiguration;
			buildSettings = {
				ASSETCATALOG_COMPILER_APPICON_NAME = AppIcon;
				CODE_SIGN_STYLE = Automatic;
				DEVELOPMENT_TEAM = 4L7P3ZX586;
				INFOPLIST_FILE = "11.11 iTunes api/Info.plist";
				LD_RUNPATH_SEARCH_PATHS = (
					"$(inherited)",
					"@executable_path/Frameworks",
				);
				PRODUCT_BUNDLE_IDENTIFIER = "com.lambdaschoolsd.-1-11-iTunes-api";
				PRODUCT_NAME = "$(TARGET_NAME)";
				SWIFT_VERSION = 4.2;
				TARGETED_DEVICE_FAMILY = "1,2";
			};
			name = Debug;
		};
		843627FA21C057F00080CCA8 /* Release */ = {
			isa = XCBuildConfiguration;
			buildSettings = {
				ASSETCATALOG_COMPILER_APPICON_NAME = AppIcon;
				CODE_SIGN_STYLE = Automatic;
				DEVELOPMENT_TEAM = 4L7P3ZX586;
				INFOPLIST_FILE = "11.11 iTunes api/Info.plist";
				LD_RUNPATH_SEARCH_PATHS = (
					"$(inherited)",
					"@executable_path/Frameworks",
				);
				PRODUCT_BUNDLE_IDENTIFIER = "com.lambdaschoolsd.-1-11-iTunes-api";
				PRODUCT_NAME = "$(TARGET_NAME)";
				SWIFT_VERSION = 4.2;
				TARGETED_DEVICE_FAMILY = "1,2";
			};
			name = Release;
		};
/* End XCBuildConfiguration section */

/* Begin XCConfigurationList section */
		843627E121C057EF0080CCA8 /* Build configuration list for PBXProject "11.11 iTunes api" */ = {
			isa = XCConfigurationList;
			buildConfigurations = (
				843627F621C057F00080CCA8 /* Debug */,
				843627F721C057F00080CCA8 /* Release */,
			);
			defaultConfigurationIsVisible = 0;
			defaultConfigurationName = Release;
		};
		843627F821C057F00080CCA8 /* Build configuration list for PBXNativeTarget "11.11 iTunes api" */ = {
			isa = XCConfigurationList;
			buildConfigurations = (
				843627F921C057F00080CCA8 /* Debug */,
				843627FA21C057F00080CCA8 /* Release */,
			);
			defaultConfigurationIsVisible = 0;
			defaultConfigurationName = Release;
		};
/* End XCConfigurationList section */
	};
	rootObject = 843627DE21C057EF0080CCA8 /* Project object */;
}
