// !$*UTF8*$!
{
	archiveVersion = 1;
	classes = {
	};
	objectVersion = 50;
	objects = {

/* Begin PBXBuildFile section */
		E749EB4C21F808E1001596D0 /* SearchResultsTableViewController.swift in Sources */ = {isa = PBXBuildFile; fileRef = E749EB4B21F808E1001596D0 /* SearchResultsTableViewController.swift */; };
		E76AC8A021F7D186008094BF /* AppDelegate.swift in Sources */ = {isa = PBXBuildFile; fileRef = E76AC89F21F7D186008094BF /* AppDelegate.swift */; };
		E76AC8A221F7D186008094BF /* ViewController.swift in Sources */ = {isa = PBXBuildFile; fileRef = E76AC8A121F7D186008094BF /* ViewController.swift */; };
		E76AC8A521F7D186008094BF /* Main.storyboard in Resources */ = {isa = PBXBuildFile; fileRef = E76AC8A321F7D186008094BF /* Main.storyboard */; };
		E76AC8A721F7D186008094BF /* Assets.xcassets in Resources */ = {isa = PBXBuildFile; fileRef = E76AC8A621F7D186008094BF /* Assets.xcassets */; };
		E76AC8AA21F7D186008094BF /* LaunchScreen.storyboard in Resources */ = {isa = PBXBuildFile; fileRef = E76AC8A821F7D186008094BF /* LaunchScreen.storyboard */; };
		E76AC8B221F7D1C6008094BF /* SearchResult.swift in Sources */ = {isa = PBXBuildFile; fileRef = E76AC8B121F7D1C6008094BF /* SearchResult.swift */; };
		E76AC8B421F7D318008094BF /* ResultType.swift in Sources */ = {isa = PBXBuildFile; fileRef = E76AC8B321F7D318008094BF /* ResultType.swift */; };
		E76AC8B621F7D3C1008094BF /* SearchResultController.swift in Sources */ = {isa = PBXBuildFile; fileRef = E76AC8B521F7D3C1008094BF /* SearchResultController.swift */; };
/* End PBXBuildFile section */

/* Begin PBXFileReference section */
		E749EB4B21F808E1001596D0 /* SearchResultsTableViewController.swift */ = {isa = PBXFileReference; lastKnownFileType = sourcecode.swift; path = SearchResultsTableViewController.swift; sourceTree = "<group>"; };
		E76AC89C21F7D186008094BF /* iTunes Search.app */ = {isa = PBXFileReference; explicitFileType = wrapper.application; includeInIndex = 0; path = "iTunes Search.app"; sourceTree = BUILT_PRODUCTS_DIR; };
		E76AC89F21F7D186008094BF /* AppDelegate.swift */ = {isa = PBXFileReference; lastKnownFileType = sourcecode.swift; path = AppDelegate.swift; sourceTree = "<group>"; };
		E76AC8A121F7D186008094BF /* ViewController.swift */ = {isa = PBXFileReference; lastKnownFileType = sourcecode.swift; path = ViewController.swift; sourceTree = "<group>"; };
		E76AC8A421F7D186008094BF /* Base */ = {isa = PBXFileReference; lastKnownFileType = file.storyboard; name = Base; path = Base.lproj/Main.storyboard; sourceTree = "<group>"; };
		E76AC8A621F7D186008094BF /* Assets.xcassets */ = {isa = PBXFileReference; lastKnownFileType = folder.assetcatalog; path = Assets.xcassets; sourceTree = "<group>"; };
		E76AC8A921F7D186008094BF /* Base */ = {isa = PBXFileReference; lastKnownFileType = file.storyboard; name = Base; path = Base.lproj/LaunchScreen.storyboard; sourceTree = "<group>"; };
		E76AC8AB21F7D186008094BF /* Info.plist */ = {isa = PBXFileReference; lastKnownFileType = text.plist.xml; path = Info.plist; sourceTree = "<group>"; };
		E76AC8B121F7D1C6008094BF /* SearchResult.swift */ = {isa = PBXFileReference; lastKnownFileType = sourcecode.swift; path = SearchResult.swift; sourceTree = "<group>"; };
		E76AC8B321F7D318008094BF /* ResultType.swift */ = {isa = PBXFileReference; lastKnownFileType = sourcecode.swift; path = ResultType.swift; sourceTree = "<group>"; };
		E76AC8B521F7D3C1008094BF /* SearchResultController.swift */ = {isa = PBXFileReference; lastKnownFileType = sourcecode.swift; path = SearchResultController.swift; sourceTree = "<group>"; };
/* End PBXFileReference section */

/* Begin PBXFrameworksBuildPhase section */
		E76AC89921F7D186008094BF /* Frameworks */ = {
			isa = PBXFrameworksBuildPhase;
			buildActionMask = 2147483647;
			files = (
			);
			runOnlyForDeploymentPostprocessing = 0;
		};
/* End PBXFrameworksBuildPhase section */

/* Begin PBXGroup section */
		E76AC89321F7D186008094BF = {
			isa = PBXGroup;
			children = (
				E76AC89E21F7D186008094BF /* iTunes Search */,
				E76AC89D21F7D186008094BF /* Products */,
			);
			sourceTree = "<group>";
		};
		E76AC89D21F7D186008094BF /* Products */ = {
			isa = PBXGroup;
			children = (
				E76AC89C21F7D186008094BF /* iTunes Search.app */,
			);
			name = Products;
			sourceTree = "<group>";
		};
		E76AC89E21F7D186008094BF /* iTunes Search */ = {
			isa = PBXGroup;
			children = (
				E76AC8B521F7D3C1008094BF /* SearchResultController.swift */,
				E76AC8B321F7D318008094BF /* ResultType.swift */,
				E76AC8B121F7D1C6008094BF /* SearchResult.swift */,
				E76AC89F21F7D186008094BF /* AppDelegate.swift */,
				E76AC8A121F7D186008094BF /* ViewController.swift */,
				E76AC8A321F7D186008094BF /* Main.storyboard */,
				E749EB4B21F808E1001596D0 /* SearchResultsTableViewController.swift */,
				E76AC8A621F7D186008094BF /* Assets.xcassets */,
				E76AC8A821F7D186008094BF /* LaunchScreen.storyboard */,
				E76AC8AB21F7D186008094BF /* Info.plist */,
			);
			path = "iTunes Search";
			sourceTree = "<group>";
		};
/* End PBXGroup section */

/* Begin PBXNativeTarget section */
		E76AC89B21F7D186008094BF /* iTunes Search */ = {
			isa = PBXNativeTarget;
			buildConfigurationList = E76AC8AE21F7D186008094BF /* Build configuration list for PBXNativeTarget "iTunes Search" */;
			buildPhases = (
				E76AC89821F7D186008094BF /* Sources */,
				E76AC89921F7D186008094BF /* Frameworks */,
				E76AC89A21F7D186008094BF /* Resources */,
			);
			buildRules = (
			);
			dependencies = (
			);
			name = "iTunes Search";
			productName = "iTunes Search";
			productReference = E76AC89C21F7D186008094BF /* iTunes Search.app */;
			productType = "com.apple.product-type.application";
		};
/* End PBXNativeTarget section */

/* Begin PBXProject section */
		E76AC89421F7D186008094BF /* Project object */ = {
			isa = PBXProject;
			attributes = {
				LastSwiftUpdateCheck = 1010;
				LastUpgradeCheck = 1010;
				ORGANIZATIONNAME = "Cameron Dunn";
				TargetAttributes = {
					E76AC89B21F7D186008094BF = {
						CreatedOnToolsVersion = 10.1;
					};
				};
			};
			buildConfigurationList = E76AC89721F7D186008094BF /* Build configuration list for PBXProject "iTunes Search" */;
			compatibilityVersion = "Xcode 9.3";
			developmentRegion = en;
			hasScannedForEncodings = 0;
			knownRegions = (
				en,
				Base,
			);
			mainGroup = E76AC89321F7D186008094BF;
			productRefGroup = E76AC89D21F7D186008094BF /* Products */;
			projectDirPath = "";
			projectRoot = "";
			targets = (
				E76AC89B21F7D186008094BF /* iTunes Search */,
			);
		};
/* End PBXProject section */

/* Begin PBXResourcesBuildPhase section */
		E76AC89A21F7D186008094BF /* Resources */ = {
			isa = PBXResourcesBuildPhase;
			buildActionMask = 2147483647;
			files = (
				E76AC8AA21F7D186008094BF /* LaunchScreen.storyboard in Resources */,
				E76AC8A721F7D186008094BF /* Assets.xcassets in Resources */,
				E76AC8A521F7D186008094BF /* Main.storyboard in Resources */,
			);
			runOnlyForDeploymentPostprocessing = 0;
		};
/* End PBXResourcesBuildPhase section */

/* Begin PBXSourcesBuildPhase section */
		E76AC89821F7D186008094BF /* Sources */ = {
			isa = PBXSourcesBuildPhase;
			buildActionMask = 2147483647;
			files = (
				E76AC8B421F7D318008094BF /* ResultType.swift in Sources */,
				E76AC8A221F7D186008094BF /* ViewController.swift in Sources */,
				E749EB4C21F808E1001596D0 /* SearchResultsTableViewController.swift in Sources */,
				E76AC8B221F7D1C6008094BF /* SearchResult.swift in Sources */,
				E76AC8A021F7D186008094BF /* AppDelegate.swift in Sources */,
				E76AC8B621F7D3C1008094BF /* SearchResultController.swift in Sources */,
			);
			runOnlyForDeploymentPostprocessing = 0;
		};
/* End PBXSourcesBuildPhase section */

/* Begin PBXVariantGroup section */
		E76AC8A321F7D186008094BF /* Main.storyboard */ = {
			isa = PBXVariantGroup;
			children = (
				E76AC8A421F7D186008094BF /* Base */,
			);
			name = Main.storyboard;
			sourceTree = "<group>";
		};
		E76AC8A821F7D186008094BF /* LaunchScreen.storyboard */ = {
			isa = PBXVariantGroup;
			children = (
				E76AC8A921F7D186008094BF /* Base */,
			);
			name = LaunchScreen.storyboard;
			sourceTree = "<group>";
		};
/* End PBXVariantGroup section */

/* Begin XCBuildConfiguration section */
		E76AC8AC21F7D186008094BF /* Debug */ = {
			isa = XCBuildConfiguration;
			buildSettings = {
				ALWAYS_SEARCH_USER_PATHS = NO;
				CLANG_ANALYZER_NONNULL = YES;
				CLANG_ANALYZER_NUMBER_OBJECT_CONVERSION = YES_AGGRESSIVE;
				CLANG_CXX_LANGUAGE_STANDARD = "gnu++14";
				CLANG_CXX_LIBRARY = "libc++";
				CLANG_ENABLE_MODULES = YES;
				CLANG_ENABLE_OBJC_ARC = YES;
				CLANG_ENABLE_OBJC_WEAK = YES;
				CLANG_WARN_BLOCK_CAPTURE_AUTORELEASING = YES;
				CLANG_WARN_BOOL_CONVERSION = YES;
				CLANG_WARN_COMMA = YES;
				CLANG_WARN_CONSTANT_CONVERSION = YES;
				CLANG_WARN_DEPRECATED_OBJC_IMPLEMENTATIONS = YES;
				CLANG_WARN_DIRECT_OBJC_ISA_USAGE = YES_ERROR;
				CLANG_WARN_DOCUMENTATION_COMMENTS = YES;
				CLANG_WARN_EMPTY_BODY = YES;
				CLANG_WARN_ENUM_CONVERSION = YES;
				CLANG_WARN_INFINITE_RECURSION = YES;
				CLANG_WARN_INT_CONVERSION = YES;
				CLANG_WARN_NON_LITERAL_NULL_CONVERSION = YES;
				CLANG_WARN_OBJC_IMPLICIT_RETAIN_SELF = YES;
				CLANG_WARN_OBJC_LITERAL_CONVERSION = YES;
				CLANG_WARN_OBJC_ROOT_CLASS = YES_ERROR;
				CLANG_WARN_RANGE_LOOP_ANALYSIS = YES;
				CLANG_WARN_STRICT_PROTOTYPES = YES;
				CLANG_WARN_SUSPICIOUS_MOVE = YES;
				CLANG_WARN_UNGUARDED_AVAILABILITY = YES_AGGRESSIVE;
				CLANG_WARN_UNREACHABLE_CODE = YES;
				CLANG_WARN__DUPLICATE_METHOD_MATCH = YES;
				CODE_SIGN_IDENTITY = "iPhone Developer";
				COPY_PHASE_STRIP = NO;
				DEBUG_INFORMATION_FORMAT = dwarf;
				ENABLE_STRICT_OBJC_MSGSEND = YES;
				ENABLE_TESTABILITY = YES;
				GCC_C_LANGUAGE_STANDARD = gnu11;
				GCC_DYNAMIC_NO_PIC = NO;
				GCC_NO_COMMON_BLOCKS = YES;
				GCC_OPTIMIZATION_LEVEL = 0;
				GCC_PREPROCESSOR_DEFINITIONS = (
					"DEBUG=1",
					"$(inherited)",
				);
				GCC_WARN_64_TO_32_BIT_CONVERSION = YES;
				GCC_WARN_ABOUT_RETURN_TYPE = YES_ERROR;
				GCC_WARN_UNDECLARED_SELECTOR = YES;
				GCC_WARN_UNINITIALIZED_AUTOS = YES_AGGRESSIVE;
				GCC_WARN_UNUSED_FUNCTION = YES;
				GCC_WARN_UNUSED_VARIABLE = YES;
				IPHONEOS_DEPLOYMENT_TARGET = 12.1;
				MTL_ENABLE_DEBUG_INFO = INCLUDE_SOURCE;
				MTL_FAST_MATH = YES;
				ONLY_ACTIVE_ARCH = YES;
				SDKROOT = iphoneos;
				SWIFT_ACTIVE_COMPILATION_CONDITIONS = DEBUG;
				SWIFT_OPTIMIZATION_LEVEL = "-Onone";
			};
			name = Debug;
		};
		E76AC8AD21F7D186008094BF /* Release */ = {
			isa = XCBuildConfiguration;
			buildSettings = {
				ALWAYS_SEARCH_USER_PATHS = NO;
				CLANG_ANALYZER_NONNULL = YES;
				CLANG_ANALYZER_NUMBER_OBJECT_CONVERSION = YES_AGGRESSIVE;
				CLANG_CXX_LANGUAGE_STANDARD = "gnu++14";
				CLANG_CXX_LIBRARY = "libc++";
				CLANG_ENABLE_MODULES = YES;
				CLANG_ENABLE_OBJC_ARC = YES;
				CLANG_ENABLE_OBJC_WEAK = YES;
				CLANG_WARN_BLOCK_CAPTURE_AUTORELEASING = YES;
				CLANG_WARN_BOOL_CONVERSION = YES;
				CLANG_WARN_COMMA = YES;
				CLANG_WARN_CONSTANT_CONVERSION = YES;
				CLANG_WARN_DEPRECATED_OBJC_IMPLEMENTATIONS = YES;
				CLANG_WARN_DIRECT_OBJC_ISA_USAGE = YES_ERROR;
				CLANG_WARN_DOCUMENTATION_COMMENTS = YES;
				CLANG_WARN_EMPTY_BODY = YES;
				CLANG_WARN_ENUM_CONVERSION = YES;
				CLANG_WARN_INFINITE_RECURSION = YES;
				CLANG_WARN_INT_CONVERSION = YES;
				CLANG_WARN_NON_LITERAL_NULL_CONVERSION = YES;
				CLANG_WARN_OBJC_IMPLICIT_RETAIN_SELF = YES;
				CLANG_WARN_OBJC_LITERAL_CONVERSION = YES;
				CLANG_WARN_OBJC_ROOT_CLASS = YES_ERROR;
				CLANG_WARN_RANGE_LOOP_ANALYSIS = YES;
				CLANG_WARN_STRICT_PROTOTYPES = YES;
				CLANG_WARN_SUSPICIOUS_MOVE = YES;
				CLANG_WARN_UNGUARDED_AVAILABILITY = YES_AGGRESSIVE;
				CLANG_WARN_UNREACHABLE_CODE = YES;
				CLANG_WARN__DUPLICATE_METHOD_MATCH = YES;
				CODE_SIGN_IDENTITY = "iPhone Developer";
				COPY_PHASE_STRIP = NO;
				DEBUG_INFORMATION_FORMAT = "dwarf-with-dsym";
				ENABLE_NS_ASSERTIONS = NO;
				ENABLE_STRICT_OBJC_MSGSEND = YES;
				GCC_C_LANGUAGE_STANDARD = gnu11;
				GCC_NO_COMMON_BLOCKS = YES;
				GCC_WARN_64_TO_32_BIT_CONVERSION = YES;
				GCC_WARN_ABOUT_RETURN_TYPE = YES_ERROR;
				GCC_WARN_UNDECLARED_SELECTOR = YES;
				GCC_WARN_UNINITIALIZED_AUTOS = YES_AGGRESSIVE;
				GCC_WARN_UNUSED_FUNCTION = YES;
				GCC_WARN_UNUSED_VARIABLE = YES;
				IPHONEOS_DEPLOYMENT_TARGET = 12.1;
				MTL_ENABLE_DEBUG_INFO = NO;
				MTL_FAST_MATH = YES;
				SDKROOT = iphoneos;
				SWIFT_COMPILATION_MODE = wholemodule;
				SWIFT_OPTIMIZATION_LEVEL = "-O";
				VALIDATE_PRODUCT = YES;
			};
			name = Release;
		};
		E76AC8AF21F7D186008094BF /* Debug */ = {
			isa = XCBuildConfiguration;
			buildSettings = {
				ASSETCATALOG_COMPILER_APPICON_NAME = AppIcon;
				CODE_SIGN_STYLE = Automatic;
				DEVELOPMENT_TEAM = TZ89Q545VW;
				INFOPLIST_FILE = "iTunes Search/Info.plist";
				LD_RUNPATH_SEARCH_PATHS = (
					"$(inherited)",
					"@executable_path/Frameworks",
				);
				PRODUCT_BUNDLE_IDENTIFIER = "CameronDunn.iTunes-Search";
				PRODUCT_NAME = "$(TARGET_NAME)";
				SWIFT_VERSION = 4.2;
				TARGETED_DEVICE_FAMILY = "1,2";
			};
			name = Debug;
		};
		E76AC8B021F7D186008094BF /* Release */ = {
			isa = XCBuildConfiguration;
			buildSettings = {
				ASSETCATALOG_COMPILER_APPICON_NAME = AppIcon;
				CODE_SIGN_STYLE = Automatic;
				DEVELOPMENT_TEAM = TZ89Q545VW;
				INFOPLIST_FILE = "iTunes Search/Info.plist";
				LD_RUNPATH_SEARCH_PATHS = (
					"$(inherited)",
					"@executable_path/Frameworks",
				);
				PRODUCT_BUNDLE_IDENTIFIER = "CameronDunn.iTunes-Search";
				PRODUCT_NAME = "$(TARGET_NAME)";
				SWIFT_VERSION = 4.2;
				TARGETED_DEVICE_FAMILY = "1,2";
			};
			name = Release;
		};
/* End XCBuildConfiguration section */

/* Begin XCConfigurationList section */
		E76AC89721F7D186008094BF /* Build configuration list for PBXProject "iTunes Search" */ = {
			isa = XCConfigurationList;
			buildConfigurations = (
				E76AC8AC21F7D186008094BF /* Debug */,
				E76AC8AD21F7D186008094BF /* Release */,
			);
			defaultConfigurationIsVisible = 0;
			defaultConfigurationName = Release;
		};
		E76AC8AE21F7D186008094BF /* Build configuration list for PBXNativeTarget "iTunes Search" */ = {
			isa = XCConfigurationList;
			buildConfigurations = (
				E76AC8AF21F7D186008094BF /* Debug */,
				E76AC8B021F7D186008094BF /* Release */,
			);
			defaultConfigurationIsVisible = 0;
			defaultConfigurationName = Release;
		};
/* End XCConfigurationList section */
	};
	rootObject = E76AC89421F7D186008094BF /* Project object */;
}
