// !$*UTF8*$!
{
	archiveVersion = 1;
	classes = {
	};
	objectVersion = 50;
	objects = {

/* Begin PBXBuildFile section */
		376971DD21C0567800CB06BC /* AppDelegate.swift in Sources */ = {isa = PBXBuildFile; fileRef = 376971DC21C0567800CB06BC /* AppDelegate.swift */; };
		376971E221C0567800CB06BC /* Main.storyboard in Resources */ = {isa = PBXBuildFile; fileRef = 376971E021C0567800CB06BC /* Main.storyboard */; };
		376971E421C0567900CB06BC /* Assets.xcassets in Resources */ = {isa = PBXBuildFile; fileRef = 376971E321C0567900CB06BC /* Assets.xcassets */; };
		376971E721C0567900CB06BC /* LaunchScreen.storyboard in Resources */ = {isa = PBXBuildFile; fileRef = 376971E521C0567900CB06BC /* LaunchScreen.storyboard */; };
		376971EF21C0681900CB06BC /* SearchResult.swift in Sources */ = {isa = PBXBuildFile; fileRef = 376971EE21C0681900CB06BC /* SearchResult.swift */; };
		376971F121C0784400CB06BC /* ResultType.swift in Sources */ = {isa = PBXBuildFile; fileRef = 376971F021C0784400CB06BC /* ResultType.swift */; };
		376971F321C078BC00CB06BC /* SearchResultController.swift in Sources */ = {isa = PBXBuildFile; fileRef = 376971F221C078BC00CB06BC /* SearchResultController.swift */; };
		376971F521C0B61600CB06BC /* SearchResultsTableViewController.swift in Sources */ = {isa = PBXBuildFile; fileRef = 376971F421C0B61600CB06BC /* SearchResultsTableViewController.swift */; };
		376971F921C0BAA000CB06BC /* SearchTableViewCell.swift in Sources */ = {isa = PBXBuildFile; fileRef = 376971F821C0BAA000CB06BC /* SearchTableViewCell.swift */; };
/* End PBXBuildFile section */

/* Begin PBXFileReference section */
		376971D921C0567700CB06BC /* iTunes Search.app */ = {isa = PBXFileReference; explicitFileType = wrapper.application; includeInIndex = 0; path = "iTunes Search.app"; sourceTree = BUILT_PRODUCTS_DIR; };
		376971DC21C0567800CB06BC /* AppDelegate.swift */ = {isa = PBXFileReference; lastKnownFileType = sourcecode.swift; path = AppDelegate.swift; sourceTree = "<group>"; };
		376971E121C0567800CB06BC /* Base */ = {isa = PBXFileReference; lastKnownFileType = file.storyboard; name = Base; path = Base.lproj/Main.storyboard; sourceTree = "<group>"; };
		376971E321C0567900CB06BC /* Assets.xcassets */ = {isa = PBXFileReference; lastKnownFileType = folder.assetcatalog; path = Assets.xcassets; sourceTree = "<group>"; };
		376971E621C0567900CB06BC /* Base */ = {isa = PBXFileReference; lastKnownFileType = file.storyboard; name = Base; path = Base.lproj/LaunchScreen.storyboard; sourceTree = "<group>"; };
		376971E821C0567900CB06BC /* Info.plist */ = {isa = PBXFileReference; lastKnownFileType = text.plist.xml; path = Info.plist; sourceTree = "<group>"; };
		376971EE21C0681900CB06BC /* SearchResult.swift */ = {isa = PBXFileReference; lastKnownFileType = sourcecode.swift; path = SearchResult.swift; sourceTree = "<group>"; };
		376971F021C0784400CB06BC /* ResultType.swift */ = {isa = PBXFileReference; lastKnownFileType = sourcecode.swift; path = ResultType.swift; sourceTree = "<group>"; };
		376971F221C078BC00CB06BC /* SearchResultController.swift */ = {isa = PBXFileReference; lastKnownFileType = sourcecode.swift; path = SearchResultController.swift; sourceTree = "<group>"; };
		376971F421C0B61600CB06BC /* SearchResultsTableViewController.swift */ = {isa = PBXFileReference; lastKnownFileType = sourcecode.swift; path = SearchResultsTableViewController.swift; sourceTree = "<group>"; };
		376971F821C0BAA000CB06BC /* SearchTableViewCell.swift */ = {isa = PBXFileReference; lastKnownFileType = sourcecode.swift; path = SearchTableViewCell.swift; sourceTree = "<group>"; };
/* End PBXFileReference section */

/* Begin PBXFrameworksBuildPhase section */
		376971D621C0567700CB06BC /* Frameworks */ = {
			isa = PBXFrameworksBuildPhase;
			buildActionMask = 2147483647;
			files = (
			);
			runOnlyForDeploymentPostprocessing = 0;
		};
/* End PBXFrameworksBuildPhase section */

/* Begin PBXGroup section */
		376971D021C0567700CB06BC = {
			isa = PBXGroup;
			children = (
				376971DB21C0567700CB06BC /* iTunes Search */,
				376971DA21C0567700CB06BC /* Products */,
			);
			sourceTree = "<group>";
		};
		376971DA21C0567700CB06BC /* Products */ = {
			isa = PBXGroup;
			children = (
				376971D921C0567700CB06BC /* iTunes Search.app */,
			);
			name = Products;
			sourceTree = "<group>";
		};
		376971DB21C0567700CB06BC /* iTunes Search */ = {
			isa = PBXGroup;
			children = (
				376971DC21C0567800CB06BC /* AppDelegate.swift */,
				376971FB21C1048200CB06BC /* View Controllers */,
				376971FA21C1046B00CB06BC /* Data */,
				376971E021C0567800CB06BC /* Main.storyboard */,
				376971E321C0567900CB06BC /* Assets.xcassets */,
				376971E521C0567900CB06BC /* LaunchScreen.storyboard */,
				376971E821C0567900CB06BC /* Info.plist */,
			);
			path = "iTunes Search";
			sourceTree = "<group>";
		};
		376971FA21C1046B00CB06BC /* Data */ = {
			isa = PBXGroup;
			children = (
				376971F221C078BC00CB06BC /* SearchResultController.swift */,
				376971EE21C0681900CB06BC /* SearchResult.swift */,
				376971F021C0784400CB06BC /* ResultType.swift */,
			);
			path = Data;
			sourceTree = "<group>";
		};
		376971FB21C1048200CB06BC /* View Controllers */ = {
			isa = PBXGroup;
			children = (
				376971F421C0B61600CB06BC /* SearchResultsTableViewController.swift */,
				376971F821C0BAA000CB06BC /* SearchTableViewCell.swift */,
			);
			path = "View Controllers";
			sourceTree = "<group>";
		};
/* End PBXGroup section */

/* Begin PBXNativeTarget section */
		376971D821C0567700CB06BC /* iTunes Search */ = {
			isa = PBXNativeTarget;
			buildConfigurationList = 376971EB21C0567900CB06BC /* Build configuration list for PBXNativeTarget "iTunes Search" */;
			buildPhases = (
				376971D521C0567700CB06BC /* Sources */,
				376971D621C0567700CB06BC /* Frameworks */,
				376971D721C0567700CB06BC /* Resources */,
			);
			buildRules = (
			);
			dependencies = (
			);
			name = "iTunes Search";
			productName = "iTunes Search";
			productReference = 376971D921C0567700CB06BC /* iTunes Search.app */;
			productType = "com.apple.product-type.application";
		};
/* End PBXNativeTarget section */

/* Begin PBXProject section */
		376971D121C0567700CB06BC /* Project object */ = {
			isa = PBXProject;
			attributes = {
				LastSwiftUpdateCheck = 1000;
				LastUpgradeCheck = 1000;
				ORGANIZATIONNAME = "Sameera Leola";
				TargetAttributes = {
					376971D821C0567700CB06BC = {
						CreatedOnToolsVersion = 10.0;
					};
				};
			};
			buildConfigurationList = 376971D421C0567700CB06BC /* Build configuration list for PBXProject "iTunes Search" */;
			compatibilityVersion = "Xcode 9.3";
			developmentRegion = en;
			hasScannedForEncodings = 0;
			knownRegions = (
				en,
				Base,
			);
			mainGroup = 376971D021C0567700CB06BC;
			productRefGroup = 376971DA21C0567700CB06BC /* Products */;
			projectDirPath = "";
			projectRoot = "";
			targets = (
				376971D821C0567700CB06BC /* iTunes Search */,
			);
		};
/* End PBXProject section */

/* Begin PBXResourcesBuildPhase section */
		376971D721C0567700CB06BC /* Resources */ = {
			isa = PBXResourcesBuildPhase;
			buildActionMask = 2147483647;
			files = (
				376971E721C0567900CB06BC /* LaunchScreen.storyboard in Resources */,
				376971E421C0567900CB06BC /* Assets.xcassets in Resources */,
				376971E221C0567800CB06BC /* Main.storyboard in Resources */,
			);
			runOnlyForDeploymentPostprocessing = 0;
		};
/* End PBXResourcesBuildPhase section */

/* Begin PBXSourcesBuildPhase section */
		376971D521C0567700CB06BC /* Sources */ = {
			isa = PBXSourcesBuildPhase;
			buildActionMask = 2147483647;
			files = (
				376971F321C078BC00CB06BC /* SearchResultController.swift in Sources */,
				376971EF21C0681900CB06BC /* SearchResult.swift in Sources */,
				376971F521C0B61600CB06BC /* SearchResultsTableViewController.swift in Sources */,
				376971F921C0BAA000CB06BC /* SearchTableViewCell.swift in Sources */,
				376971F121C0784400CB06BC /* ResultType.swift in Sources */,
				376971DD21C0567800CB06BC /* AppDelegate.swift in Sources */,
			);
			runOnlyForDeploymentPostprocessing = 0;
		};
/* End PBXSourcesBuildPhase section */

/* Begin PBXVariantGroup section */
		376971E021C0567800CB06BC /* Main.storyboard */ = {
			isa = PBXVariantGroup;
			children = (
				376971E121C0567800CB06BC /* Base */,
			);
			name = Main.storyboard;
			sourceTree = "<group>";
		};
		376971E521C0567900CB06BC /* LaunchScreen.storyboard */ = {
			isa = PBXVariantGroup;
			children = (
				376971E621C0567900CB06BC /* Base */,
			);
			name = LaunchScreen.storyboard;
			sourceTree = "<group>";
		};
/* End PBXVariantGroup section */

/* Begin XCBuildConfiguration section */
		376971E921C0567900CB06BC /* Debug */ = {
			isa = XCBuildConfiguration;
			buildSettings = {
				ALWAYS_SEARCH_USER_PATHS = NO;
				CLANG_ANALYZER_NONNULL = YES;
				CLANG_ANALYZER_NUMBER_OBJECT_CONVERSION = YES_AGGRESSIVE;
				CLANG_CXX_LANGUAGE_STANDARD = "gnu++14";
				CLANG_CXX_LIBRARY = "libc++";
				CLANG_ENABLE_MODULES = YES;
				CLANG_ENABLE_OBJC_ARC = YES;
				CLANG_ENABLE_OBJC_WEAK = YES;
				CLANG_WARN_BLOCK_CAPTURE_AUTORELEASING = YES;
				CLANG_WARN_BOOL_CONVERSION = YES;
				CLANG_WARN_COMMA = YES;
				CLANG_WARN_CONSTANT_CONVERSION = YES;
				CLANG_WARN_DEPRECATED_OBJC_IMPLEMENTATIONS = YES;
				CLANG_WARN_DIRECT_OBJC_ISA_USAGE = YES_ERROR;
				CLANG_WARN_DOCUMENTATION_COMMENTS = YES;
				CLANG_WARN_EMPTY_BODY = YES;
				CLANG_WARN_ENUM_CONVERSION = YES;
				CLANG_WARN_INFINITE_RECURSION = YES;
				CLANG_WARN_INT_CONVERSION = YES;
				CLANG_WARN_NON_LITERAL_NULL_CONVERSION = YES;
				CLANG_WARN_OBJC_IMPLICIT_RETAIN_SELF = YES;
				CLANG_WARN_OBJC_LITERAL_CONVERSION = YES;
				CLANG_WARN_OBJC_ROOT_CLASS = YES_ERROR;
				CLANG_WARN_RANGE_LOOP_ANALYSIS = YES;
				CLANG_WARN_STRICT_PROTOTYPES = YES;
				CLANG_WARN_SUSPICIOUS_MOVE = YES;
				CLANG_WARN_UNGUARDED_AVAILABILITY = YES_AGGRESSIVE;
				CLANG_WARN_UNREACHABLE_CODE = YES;
				CLANG_WARN__DUPLICATE_METHOD_MATCH = YES;
				CODE_SIGN_IDENTITY = "iPhone Developer";
				COPY_PHASE_STRIP = NO;
				DEBUG_INFORMATION_FORMAT = dwarf;
				ENABLE_STRICT_OBJC_MSGSEND = YES;
				ENABLE_TESTABILITY = YES;
				GCC_C_LANGUAGE_STANDARD = gnu11;
				GCC_DYNAMIC_NO_PIC = NO;
				GCC_NO_COMMON_BLOCKS = YES;
				GCC_OPTIMIZATION_LEVEL = 0;
				GCC_PREPROCESSOR_DEFINITIONS = (
					"DEBUG=1",
					"$(inherited)",
				);
				GCC_WARN_64_TO_32_BIT_CONVERSION = YES;
				GCC_WARN_ABOUT_RETURN_TYPE = YES_ERROR;
				GCC_WARN_UNDECLARED_SELECTOR = YES;
				GCC_WARN_UNINITIALIZED_AUTOS = YES_AGGRESSIVE;
				GCC_WARN_UNUSED_FUNCTION = YES;
				GCC_WARN_UNUSED_VARIABLE = YES;
				IPHONEOS_DEPLOYMENT_TARGET = 12.0;
				MTL_ENABLE_DEBUG_INFO = INCLUDE_SOURCE;
				MTL_FAST_MATH = YES;
				ONLY_ACTIVE_ARCH = YES;
				SDKROOT = iphoneos;
				SWIFT_ACTIVE_COMPILATION_CONDITIONS = DEBUG;
				SWIFT_OPTIMIZATION_LEVEL = "-Onone";
			};
			name = Debug;
		};
		376971EA21C0567900CB06BC /* Release */ = {
			isa = XCBuildConfiguration;
			buildSettings = {
				ALWAYS_SEARCH_USER_PATHS = NO;
				CLANG_ANALYZER_NONNULL = YES;
				CLANG_ANALYZER_NUMBER_OBJECT_CONVERSION = YES_AGGRESSIVE;
				CLANG_CXX_LANGUAGE_STANDARD = "gnu++14";
				CLANG_CXX_LIBRARY = "libc++";
				CLANG_ENABLE_MODULES = YES;
				CLANG_ENABLE_OBJC_ARC = YES;
				CLANG_ENABLE_OBJC_WEAK = YES;
				CLANG_WARN_BLOCK_CAPTURE_AUTORELEASING = YES;
				CLANG_WARN_BOOL_CONVERSION = YES;
				CLANG_WARN_COMMA = YES;
				CLANG_WARN_CONSTANT_CONVERSION = YES;
				CLANG_WARN_DEPRECATED_OBJC_IMPLEMENTATIONS = YES;
				CLANG_WARN_DIRECT_OBJC_ISA_USAGE = YES_ERROR;
				CLANG_WARN_DOCUMENTATION_COMMENTS = YES;
				CLANG_WARN_EMPTY_BODY = YES;
				CLANG_WARN_ENUM_CONVERSION = YES;
				CLANG_WARN_INFINITE_RECURSION = YES;
				CLANG_WARN_INT_CONVERSION = YES;
				CLANG_WARN_NON_LITERAL_NULL_CONVERSION = YES;
				CLANG_WARN_OBJC_IMPLICIT_RETAIN_SELF = YES;
				CLANG_WARN_OBJC_LITERAL_CONVERSION = YES;
				CLANG_WARN_OBJC_ROOT_CLASS = YES_ERROR;
				CLANG_WARN_RANGE_LOOP_ANALYSIS = YES;
				CLANG_WARN_STRICT_PROTOTYPES = YES;
				CLANG_WARN_SUSPICIOUS_MOVE = YES;
				CLANG_WARN_UNGUARDED_AVAILABILITY = YES_AGGRESSIVE;
				CLANG_WARN_UNREACHABLE_CODE = YES;
				CLANG_WARN__DUPLICATE_METHOD_MATCH = YES;
				CODE_SIGN_IDENTITY = "iPhone Developer";
				COPY_PHASE_STRIP = NO;
				DEBUG_INFORMATION_FORMAT = "dwarf-with-dsym";
				ENABLE_NS_ASSERTIONS = NO;
				ENABLE_STRICT_OBJC_MSGSEND = YES;
				GCC_C_LANGUAGE_STANDARD = gnu11;
				GCC_NO_COMMON_BLOCKS = YES;
				GCC_WARN_64_TO_32_BIT_CONVERSION = YES;
				GCC_WARN_ABOUT_RETURN_TYPE = YES_ERROR;
				GCC_WARN_UNDECLARED_SELECTOR = YES;
				GCC_WARN_UNINITIALIZED_AUTOS = YES_AGGRESSIVE;
				GCC_WARN_UNUSED_FUNCTION = YES;
				GCC_WARN_UNUSED_VARIABLE = YES;
				IPHONEOS_DEPLOYMENT_TARGET = 12.0;
				MTL_ENABLE_DEBUG_INFO = NO;
				MTL_FAST_MATH = YES;
				SDKROOT = iphoneos;
				SWIFT_COMPILATION_MODE = wholemodule;
				SWIFT_OPTIMIZATION_LEVEL = "-O";
				VALIDATE_PRODUCT = YES;
			};
			name = Release;
		};
		376971EC21C0567900CB06BC /* Debug */ = {
			isa = XCBuildConfiguration;
			buildSettings = {
				ASSETCATALOG_COMPILER_APPICON_NAME = AppIcon;
				CODE_SIGN_STYLE = Automatic;
				INFOPLIST_FILE = "iTunes Search/Info.plist";
				LD_RUNPATH_SEARCH_PATHS = (
					"$(inherited)",
					"@executable_path/Frameworks",
				);
				PRODUCT_BUNDLE_IDENTIFIER = "com.sameeraleola.iTunes-Search";
				PRODUCT_NAME = "$(TARGET_NAME)";
				SWIFT_VERSION = 4.2;
				TARGETED_DEVICE_FAMILY = "1,2";
			};
			name = Debug;
		};
		376971ED21C0567900CB06BC /* Release */ = {
			isa = XCBuildConfiguration;
			buildSettings = {
				ASSETCATALOG_COMPILER_APPICON_NAME = AppIcon;
				CODE_SIGN_STYLE = Automatic;
				INFOPLIST_FILE = "iTunes Search/Info.plist";
				LD_RUNPATH_SEARCH_PATHS = (
					"$(inherited)",
					"@executable_path/Frameworks",
				);
				PRODUCT_BUNDLE_IDENTIFIER = "com.sameeraleola.iTunes-Search";
				PRODUCT_NAME = "$(TARGET_NAME)";
				SWIFT_VERSION = 4.2;
				TARGETED_DEVICE_FAMILY = "1,2";
			};
			name = Release;
		};
/* End XCBuildConfiguration section */

/* Begin XCConfigurationList section */
		376971D421C0567700CB06BC /* Build configuration list for PBXProject "iTunes Search" */ = {
			isa = XCConfigurationList;
			buildConfigurations = (
				376971E921C0567900CB06BC /* Debug */,
				376971EA21C0567900CB06BC /* Release */,
			);
			defaultConfigurationIsVisible = 0;
			defaultConfigurationName = Release;
		};
		376971EB21C0567900CB06BC /* Build configuration list for PBXNativeTarget "iTunes Search" */ = {
			isa = XCConfigurationList;
			buildConfigurations = (
				376971EC21C0567900CB06BC /* Debug */,
				376971ED21C0567900CB06BC /* Release */,
			);
			defaultConfigurationIsVisible = 0;
			defaultConfigurationName = Release;
		};
/* End XCConfigurationList section */
	};
	rootObject = 376971D121C0567700CB06BC /* Project object */;
}
