// !$*UTF8*$!
{
	archiveVersion = 1;
	classes = {
	};
	objectVersion = 50;
	objects = {

/* Begin PBXBuildFile section */
		C36D7AF9241C676500D27EAC /* AppDelegate.swift in Sources */ = {isa = PBXBuildFile; fileRef = C36D7AF8241C676500D27EAC /* AppDelegate.swift */; };
		C36D7AFB241C676500D27EAC /* SceneDelegate.swift in Sources */ = {isa = PBXBuildFile; fileRef = C36D7AFA241C676500D27EAC /* SceneDelegate.swift */; };
		C36D7B00241C676500D27EAC /* Main.storyboard in Resources */ = {isa = PBXBuildFile; fileRef = C36D7AFE241C676500D27EAC /* Main.storyboard */; };
		C36D7B02241C676600D27EAC /* Assets.xcassets in Resources */ = {isa = PBXBuildFile; fileRef = C36D7B01241C676600D27EAC /* Assets.xcassets */; };
		C36D7B05241C676600D27EAC /* LaunchScreen.storyboard in Resources */ = {isa = PBXBuildFile; fileRef = C36D7B03241C676600D27EAC /* LaunchScreen.storyboard */; };
		C36D7B11241C686000D27EAC /* SearchResult.swift in Sources */ = {isa = PBXBuildFile; fileRef = C36D7B10241C686000D27EAC /* SearchResult.swift */; };
		C36D7B13241C6C9700D27EAC /* ResultType.swift in Sources */ = {isa = PBXBuildFile; fileRef = C36D7B12241C6C9700D27EAC /* ResultType.swift */; };
		C36D7B15241C6D3800D27EAC /* SearchResultsController.swift in Sources */ = {isa = PBXBuildFile; fileRef = C36D7B14241C6D3800D27EAC /* SearchResultsController.swift */; };
		C36D7B17241C7CFD00D27EAC /* SearchResultsTableViewController.swift in Sources */ = {isa = PBXBuildFile; fileRef = C36D7B16241C7CFD00D27EAC /* SearchResultsTableViewController.swift */; };
/* End PBXBuildFile section */

/* Begin PBXFileReference section */
		C36D7AF5241C676500D27EAC /* itunes-search.app */ = {isa = PBXFileReference; explicitFileType = wrapper.application; includeInIndex = 0; path = "itunes-search.app"; sourceTree = BUILT_PRODUCTS_DIR; };
		C36D7AF8241C676500D27EAC /* AppDelegate.swift */ = {isa = PBXFileReference; lastKnownFileType = sourcecode.swift; path = AppDelegate.swift; sourceTree = "<group>"; };
		C36D7AFA241C676500D27EAC /* SceneDelegate.swift */ = {isa = PBXFileReference; lastKnownFileType = sourcecode.swift; path = SceneDelegate.swift; sourceTree = "<group>"; };
		C36D7AFF241C676500D27EAC /* Base */ = {isa = PBXFileReference; lastKnownFileType = file.storyboard; name = Base; path = Base.lproj/Main.storyboard; sourceTree = "<group>"; };
		C36D7B01241C676600D27EAC /* Assets.xcassets */ = {isa = PBXFileReference; lastKnownFileType = folder.assetcatalog; path = Assets.xcassets; sourceTree = "<group>"; };
		C36D7B04241C676600D27EAC /* Base */ = {isa = PBXFileReference; lastKnownFileType = file.storyboard; name = Base; path = Base.lproj/LaunchScreen.storyboard; sourceTree = "<group>"; };
		C36D7B06241C676600D27EAC /* Info.plist */ = {isa = PBXFileReference; lastKnownFileType = text.plist.xml; path = Info.plist; sourceTree = "<group>"; };
		C36D7B10241C686000D27EAC /* SearchResult.swift */ = {isa = PBXFileReference; lastKnownFileType = sourcecode.swift; path = SearchResult.swift; sourceTree = "<group>"; };
		C36D7B12241C6C9700D27EAC /* ResultType.swift */ = {isa = PBXFileReference; lastKnownFileType = sourcecode.swift; path = ResultType.swift; sourceTree = "<group>"; };
		C36D7B14241C6D3800D27EAC /* SearchResultsController.swift */ = {isa = PBXFileReference; lastKnownFileType = sourcecode.swift; path = SearchResultsController.swift; sourceTree = "<group>"; };
		C36D7B16241C7CFD00D27EAC /* SearchResultsTableViewController.swift */ = {isa = PBXFileReference; lastKnownFileType = sourcecode.swift; path = SearchResultsTableViewController.swift; sourceTree = "<group>"; };
/* End PBXFileReference section */

/* Begin PBXFrameworksBuildPhase section */
		C36D7AF2241C676500D27EAC /* Frameworks */ = {
			isa = PBXFrameworksBuildPhase;
			buildActionMask = 2147483647;
			files = (
			);
			runOnlyForDeploymentPostprocessing = 0;
		};
/* End PBXFrameworksBuildPhase section */

/* Begin PBXGroup section */
		C36D7AEC241C676500D27EAC = {
			isa = PBXGroup;
			children = (
				C36D7AF7241C676500D27EAC /* itunes-search */,
				C36D7AF6241C676500D27EAC /* Products */,
			);
			sourceTree = "<group>";
		};
		C36D7AF6241C676500D27EAC /* Products */ = {
			isa = PBXGroup;
			children = (
				C36D7AF5241C676500D27EAC /* itunes-search.app */,
			);
			name = Products;
			sourceTree = "<group>";
		};
		C36D7AF7241C676500D27EAC /* itunes-search */ = {
			isa = PBXGroup;
			children = (
				C36D7B0F241C67F400D27EAC /* Models */,
				C36D7B0E241C67EA00D27EAC /* Storyboards */,
				C36D7B0D241C67DD00D27EAC /* View Controller */,
				C36D7B0C241C67D200D27EAC /* Views */,
				C36D7AF8241C676500D27EAC /* AppDelegate.swift */,
				C36D7AFA241C676500D27EAC /* SceneDelegate.swift */,
				C36D7B01241C676600D27EAC /* Assets.xcassets */,
				C36D7B06241C676600D27EAC /* Info.plist */,
			);
			path = "itunes-search";
			sourceTree = "<group>";
		};
		C36D7B0C241C67D200D27EAC /* Views */ = {
			isa = PBXGroup;
			children = (
			);
			path = Views;
			sourceTree = "<group>";
		};
		C36D7B0D241C67DD00D27EAC /* View Controller */ = {
			isa = PBXGroup;
			children = (
				C36D7B16241C7CFD00D27EAC /* SearchResultsTableViewController.swift */,
			);
			path = "View Controller";
			sourceTree = "<group>";
		};
		C36D7B0E241C67EA00D27EAC /* Storyboards */ = {
			isa = PBXGroup;
			children = (
				C36D7AFE241C676500D27EAC /* Main.storyboard */,
				C36D7B03241C676600D27EAC /* LaunchScreen.storyboard */,
			);
			path = Storyboards;
			sourceTree = "<group>";
		};
		C36D7B0F241C67F400D27EAC /* Models */ = {
			isa = PBXGroup;
			children = (
				C36D7B10241C686000D27EAC /* SearchResult.swift */,
				C36D7B12241C6C9700D27EAC /* ResultType.swift */,
				C36D7B14241C6D3800D27EAC /* SearchResultsController.swift */,
			);
			path = Models;
			sourceTree = "<group>";
		};
/* End PBXGroup section */

/* Begin PBXNativeTarget section */
		C36D7AF4241C676500D27EAC /* itunes-search */ = {
			isa = PBXNativeTarget;
			buildConfigurationList = C36D7B09241C676600D27EAC /* Build configuration list for PBXNativeTarget "itunes-search" */;
			buildPhases = (
				C36D7AF1241C676500D27EAC /* Sources */,
				C36D7AF2241C676500D27EAC /* Frameworks */,
				C36D7AF3241C676500D27EAC /* Resources */,
			);
			buildRules = (
			);
			dependencies = (
			);
			name = "itunes-search";
			productName = "itunes-search";
			productReference = C36D7AF5241C676500D27EAC /* itunes-search.app */;
			productType = "com.apple.product-type.application";
		};
/* End PBXNativeTarget section */

/* Begin PBXProject section */
		C36D7AED241C676500D27EAC /* Project object */ = {
			isa = PBXProject;
			attributes = {
				LastSwiftUpdateCheck = 1130;
				LastUpgradeCheck = 1130;
				ORGANIZATIONNAME = "Jarren Campos";
				TargetAttributes = {
					C36D7AF4241C676500D27EAC = {
						CreatedOnToolsVersion = 11.3.1;
					};
				};
			};
			buildConfigurationList = C36D7AF0241C676500D27EAC /* Build configuration list for PBXProject "itunes-search" */;
			compatibilityVersion = "Xcode 9.3";
			developmentRegion = en;
			hasScannedForEncodings = 0;
			knownRegions = (
				en,
				Base,
			);
			mainGroup = C36D7AEC241C676500D27EAC;
			productRefGroup = C36D7AF6241C676500D27EAC /* Products */;
			projectDirPath = "";
			projectRoot = "";
			targets = (
				C36D7AF4241C676500D27EAC /* itunes-search */,
			);
		};
/* End PBXProject section */

/* Begin PBXResourcesBuildPhase section */
		C36D7AF3241C676500D27EAC /* Resources */ = {
			isa = PBXResourcesBuildPhase;
			buildActionMask = 2147483647;
			files = (
				C36D7B05241C676600D27EAC /* LaunchScreen.storyboard in Resources */,
				C36D7B02241C676600D27EAC /* Assets.xcassets in Resources */,
				C36D7B00241C676500D27EAC /* Main.storyboard in Resources */,
			);
			runOnlyForDeploymentPostprocessing = 0;
		};
/* End PBXResourcesBuildPhase section */

/* Begin PBXSourcesBuildPhase section */
		C36D7AF1241C676500D27EAC /* Sources */ = {
			isa = PBXSourcesBuildPhase;
			buildActionMask = 2147483647;
			files = (
				C36D7B13241C6C9700D27EAC /* ResultType.swift in Sources */,
				C36D7AF9241C676500D27EAC /* AppDelegate.swift in Sources */,
				C36D7B17241C7CFD00D27EAC /* SearchResultsTableViewController.swift in Sources */,
				C36D7B11241C686000D27EAC /* SearchResult.swift in Sources */,
				C36D7B15241C6D3800D27EAC /* SearchResultsController.swift in Sources */,
				C36D7AFB241C676500D27EAC /* SceneDelegate.swift in Sources */,
			);
			runOnlyForDeploymentPostprocessing = 0;
		};
/* End PBXSourcesBuildPhase section */

/* Begin PBXVariantGroup section */
		C36D7AFE241C676500D27EAC /* Main.storyboard */ = {
			isa = PBXVariantGroup;
			children = (
				C36D7AFF241C676500D27EAC /* Base */,
			);
			name = Main.storyboard;
			sourceTree = "<group>";
		};
		C36D7B03241C676600D27EAC /* LaunchScreen.storyboard */ = {
			isa = PBXVariantGroup;
			children = (
				C36D7B04241C676600D27EAC /* Base */,
			);
			name = LaunchScreen.storyboard;
			sourceTree = "<group>";
		};
/* End PBXVariantGroup section */

/* Begin XCBuildConfiguration section */
		C36D7B07241C676600D27EAC /* Debug */ = {
			isa = XCBuildConfiguration;
			buildSettings = {
				ALWAYS_SEARCH_USER_PATHS = NO;
				CLANG_ANALYZER_NONNULL = YES;
				CLANG_ANALYZER_NUMBER_OBJECT_CONVERSION = YES_AGGRESSIVE;
				CLANG_CXX_LANGUAGE_STANDARD = "gnu++14";
				CLANG_CXX_LIBRARY = "libc++";
				CLANG_ENABLE_MODULES = YES;
				CLANG_ENABLE_OBJC_ARC = YES;
				CLANG_ENABLE_OBJC_WEAK = YES;
				CLANG_WARN_BLOCK_CAPTURE_AUTORELEASING = YES;
				CLANG_WARN_BOOL_CONVERSION = YES;
				CLANG_WARN_COMMA = YES;
				CLANG_WARN_CONSTANT_CONVERSION = YES;
				CLANG_WARN_DEPRECATED_OBJC_IMPLEMENTATIONS = YES;
				CLANG_WARN_DIRECT_OBJC_ISA_USAGE = YES_ERROR;
				CLANG_WARN_DOCUMENTATION_COMMENTS = YES;
				CLANG_WARN_EMPTY_BODY = YES;
				CLANG_WARN_ENUM_CONVERSION = YES;
				CLANG_WARN_INFINITE_RECURSION = YES;
				CLANG_WARN_INT_CONVERSION = YES;
				CLANG_WARN_NON_LITERAL_NULL_CONVERSION = YES;
				CLANG_WARN_OBJC_IMPLICIT_RETAIN_SELF = YES;
				CLANG_WARN_OBJC_LITERAL_CONVERSION = YES;
				CLANG_WARN_OBJC_ROOT_CLASS = YES_ERROR;
				CLANG_WARN_RANGE_LOOP_ANALYSIS = YES;
				CLANG_WARN_STRICT_PROTOTYPES = YES;
				CLANG_WARN_SUSPICIOUS_MOVE = YES;
				CLANG_WARN_UNGUARDED_AVAILABILITY = YES_AGGRESSIVE;
				CLANG_WARN_UNREACHABLE_CODE = YES;
				CLANG_WARN__DUPLICATE_METHOD_MATCH = YES;
				COPY_PHASE_STRIP = NO;
				DEBUG_INFORMATION_FORMAT = dwarf;
				ENABLE_STRICT_OBJC_MSGSEND = YES;
				ENABLE_TESTABILITY = YES;
				GCC_C_LANGUAGE_STANDARD = gnu11;
				GCC_DYNAMIC_NO_PIC = NO;
				GCC_NO_COMMON_BLOCKS = YES;
				GCC_OPTIMIZATION_LEVEL = 0;
				GCC_PREPROCESSOR_DEFINITIONS = (
					"DEBUG=1",
					"$(inherited)",
				);
				GCC_WARN_64_TO_32_BIT_CONVERSION = YES;
				GCC_WARN_ABOUT_RETURN_TYPE = YES_ERROR;
				GCC_WARN_UNDECLARED_SELECTOR = YES;
				GCC_WARN_UNINITIALIZED_AUTOS = YES_AGGRESSIVE;
				GCC_WARN_UNUSED_FUNCTION = YES;
				GCC_WARN_UNUSED_VARIABLE = YES;
				IPHONEOS_DEPLOYMENT_TARGET = 13.2;
				MTL_ENABLE_DEBUG_INFO = INCLUDE_SOURCE;
				MTL_FAST_MATH = YES;
				ONLY_ACTIVE_ARCH = YES;
				SDKROOT = iphoneos;
				SWIFT_ACTIVE_COMPILATION_CONDITIONS = DEBUG;
				SWIFT_OPTIMIZATION_LEVEL = "-Onone";
			};
			name = Debug;
		};
		C36D7B08241C676600D27EAC /* Release */ = {
			isa = XCBuildConfiguration;
			buildSettings = {
				ALWAYS_SEARCH_USER_PATHS = NO;
				CLANG_ANALYZER_NONNULL = YES;
				CLANG_ANALYZER_NUMBER_OBJECT_CONVERSION = YES_AGGRESSIVE;
				CLANG_CXX_LANGUAGE_STANDARD = "gnu++14";
				CLANG_CXX_LIBRARY = "libc++";
				CLANG_ENABLE_MODULES = YES;
				CLANG_ENABLE_OBJC_ARC = YES;
				CLANG_ENABLE_OBJC_WEAK = YES;
				CLANG_WARN_BLOCK_CAPTURE_AUTORELEASING = YES;
				CLANG_WARN_BOOL_CONVERSION = YES;
				CLANG_WARN_COMMA = YES;
				CLANG_WARN_CONSTANT_CONVERSION = YES;
				CLANG_WARN_DEPRECATED_OBJC_IMPLEMENTATIONS = YES;
				CLANG_WARN_DIRECT_OBJC_ISA_USAGE = YES_ERROR;
				CLANG_WARN_DOCUMENTATION_COMMENTS = YES;
				CLANG_WARN_EMPTY_BODY = YES;
				CLANG_WARN_ENUM_CONVERSION = YES;
				CLANG_WARN_INFINITE_RECURSION = YES;
				CLANG_WARN_INT_CONVERSION = YES;
				CLANG_WARN_NON_LITERAL_NULL_CONVERSION = YES;
				CLANG_WARN_OBJC_IMPLICIT_RETAIN_SELF = YES;
				CLANG_WARN_OBJC_LITERAL_CONVERSION = YES;
				CLANG_WARN_OBJC_ROOT_CLASS = YES_ERROR;
				CLANG_WARN_RANGE_LOOP_ANALYSIS = YES;
				CLANG_WARN_STRICT_PROTOTYPES = YES;
				CLANG_WARN_SUSPICIOUS_MOVE = YES;
				CLANG_WARN_UNGUARDED_AVAILABILITY = YES_AGGRESSIVE;
				CLANG_WARN_UNREACHABLE_CODE = YES;
				CLANG_WARN__DUPLICATE_METHOD_MATCH = YES;
				COPY_PHASE_STRIP = NO;
				DEBUG_INFORMATION_FORMAT = "dwarf-with-dsym";
				ENABLE_NS_ASSERTIONS = NO;
				ENABLE_STRICT_OBJC_MSGSEND = YES;
				GCC_C_LANGUAGE_STANDARD = gnu11;
				GCC_NO_COMMON_BLOCKS = YES;
				GCC_WARN_64_TO_32_BIT_CONVERSION = YES;
				GCC_WARN_ABOUT_RETURN_TYPE = YES_ERROR;
				GCC_WARN_UNDECLARED_SELECTOR = YES;
				GCC_WARN_UNINITIALIZED_AUTOS = YES_AGGRESSIVE;
				GCC_WARN_UNUSED_FUNCTION = YES;
				GCC_WARN_UNUSED_VARIABLE = YES;
				IPHONEOS_DEPLOYMENT_TARGET = 13.2;
				MTL_ENABLE_DEBUG_INFO = NO;
				MTL_FAST_MATH = YES;
				SDKROOT = iphoneos;
				SWIFT_COMPILATION_MODE = wholemodule;
				SWIFT_OPTIMIZATION_LEVEL = "-O";
				VALIDATE_PRODUCT = YES;
			};
			name = Release;
		};
		C36D7B0A241C676600D27EAC /* Debug */ = {
			isa = XCBuildConfiguration;
			buildSettings = {
				ASSETCATALOG_COMPILER_APPICON_NAME = AppIcon;
				CODE_SIGN_STYLE = Automatic;
				DEVELOPMENT_TEAM = 6LFYUX3T4B;
				INFOPLIST_FILE = "itunes-search/Info.plist";
				LD_RUNPATH_SEARCH_PATHS = (
					"$(inherited)",
					"@executable_path/Frameworks",
				);
				PRODUCT_BUNDLE_IDENTIFIER = "com.jcdev.itunes-search";
				PRODUCT_NAME = "$(TARGET_NAME)";
				SWIFT_VERSION = 5.0;
				TARGETED_DEVICE_FAMILY = "1,2";
			};
			name = Debug;
		};
		C36D7B0B241C676600D27EAC /* Release */ = {
			isa = XCBuildConfiguration;
			buildSettings = {
				ASSETCATALOG_COMPILER_APPICON_NAME = AppIcon;
				CODE_SIGN_STYLE = Automatic;
				DEVELOPMENT_TEAM = 6LFYUX3T4B;
				INFOPLIST_FILE = "itunes-search/Info.plist";
				LD_RUNPATH_SEARCH_PATHS = (
					"$(inherited)",
					"@executable_path/Frameworks",
				);
				PRODUCT_BUNDLE_IDENTIFIER = "com.jcdev.itunes-search";
				PRODUCT_NAME = "$(TARGET_NAME)";
				SWIFT_VERSION = 5.0;
				TARGETED_DEVICE_FAMILY = "1,2";
			};
			name = Release;
		};
/* End XCBuildConfiguration section */

/* Begin XCConfigurationList section */
		C36D7AF0241C676500D27EAC /* Build configuration list for PBXProject "itunes-search" */ = {
			isa = XCConfigurationList;
			buildConfigurations = (
				C36D7B07241C676600D27EAC /* Debug */,
				C36D7B08241C676600D27EAC /* Release */,
			);
			defaultConfigurationIsVisible = 0;
			defaultConfigurationName = Release;
		};
		C36D7B09241C676600D27EAC /* Build configuration list for PBXNativeTarget "itunes-search" */ = {
			isa = XCConfigurationList;
			buildConfigurations = (
				C36D7B0A241C676600D27EAC /* Debug */,
				C36D7B0B241C676600D27EAC /* Release */,
			);
			defaultConfigurationIsVisible = 0;
			defaultConfigurationName = Release;
		};
/* End XCConfigurationList section */
	};
	rootObject = C36D7AED241C676500D27EAC /* Project object */;
}
